{
    "version": 3,
    "terraform_version": "0.12.31",
    "serial": 1,
    "lineage": "b2f07ae1-7375-4f38-f18a-ac0067101693",
    "modules": [
        {
            "path": [
                "root"
            ],
            "outputs": {
                "aws_lb_listener_rule_tfer--arn-003A-aws-003A-elasticloadbalancing-003A-ap-southeast-1-003A-677402243468-003A-listener-rule-002F-app-002F-videocall-alb-002F-9615e9473ceed871-002F-1db3a3949ce205ad-002F-e7897d17984d2708_id": {
                    "sensitive": false,
                    "type": "string",
                    "value": "arn:aws:elasticloadbalancing:ap-southeast-1:677402243468:listener-rule/app/videocall-alb/9615e9473ceed871/1db3a3949ce205ad/e7897d17984d2708"
                },
                "aws_lb_listener_tfer--arn-003A-aws-003A-elasticloadbalancing-003A-ap-southeast-1-003A-677402243468-003A-listener-002F-app-002F-videocall-alb-002F-9615e9473ceed871-002F-1db3a3949ce205ad_id": {
                    "sensitive": false,
                    "type": "string",
                    "value": "arn:aws:elasticloadbalancing:ap-southeast-1:677402243468:listener/app/videocall-alb/9615e9473ceed871/1db3a3949ce205ad"
                },
                "aws_lb_listener_tfer--arn-003A-aws-003A-elasticloadbalancing-003A-ap-southeast-1-003A-677402243468-003A-listener-002F-app-002F-videocall-alb-002F-9615e9473ceed871-002F-9f103f6b181a6e5f_id": {
                    "sensitive": false,
                    "type": "string",
                    "value": "arn:aws:elasticloadbalancing:ap-southeast-1:677402243468:listener/app/videocall-alb/9615e9473ceed871/9f103f6b181a6e5f"
                },
                "aws_lb_target_group_attachment_tfer--arn-003A-aws-003A-elasticloadbalancing-003A-ap-southeast-1-003A-677402243468-003A-targetgroup-002F-videocall-frontend-tg-002F-9422cf35f79d98ce-172-002E-31-002E-45-002E-10_id": {
                    "sensitive": false,
                    "type": "string",
                    "value": "arn:aws:elasticloadbalancing:ap-southeast-1:677402243468:targetgroup/videocall-frontend-tg/9422cf35f79d98ce-172.31.45.10"
                },
                "aws_lb_target_group_tfer--videocall-frontend-tg_id": {
                    "sensitive": false,
                    "type": "string",
                    "value": "arn:aws:elasticloadbalancing:ap-southeast-1:677402243468:targetgroup/videocall-frontend-tg/9422cf35f79d98ce"
                },
                "aws_lb_tfer--videocall-alb_id": {
                    "sensitive": false,
                    "type": "string",
                    "value": "arn:aws:elasticloadbalancing:ap-southeast-1:677402243468:loadbalancer/app/videocall-alb/9615e9473ceed871"
                }
            },
            "resources": {
                "aws_lb.tfer--videocall-alb": {
                    "type": "aws_lb",
                    "depends_on": [],
                    "primary": {
                        "id": "arn:aws:elasticloadbalancing:ap-southeast-1:677402243468:loadbalancer/app/videocall-alb/9615e9473ceed871",
                        "attributes": {
                            "access_logs.#": "1",
                            "access_logs.0.bucket": "",
                            "access_logs.0.enabled": "false",
                            "access_logs.0.prefix": "",
                            "arn": "arn:aws:elasticloadbalancing:ap-southeast-1:677402243468:loadbalancer/app/videocall-alb/9615e9473ceed871",
                            "arn_suffix": "app/videocall-alb/9615e9473ceed871",
                            "client_keep_alive": "3600",
                            "connection_logs.#": "1",
                            "connection_logs.0.bucket": "",
                            "connection_logs.0.enabled": "false",
                            "connection_logs.0.prefix": "",
                            "customer_owned_ipv4_pool": "",
                            "desync_mitigation_mode": "defensive",
                            "dns_name": "videocall-alb-1920905937.ap-southeast-1.elb.amazonaws.com",
                            "drop_invalid_header_fields": "false",
                            "enable_cross_zone_load_balancing": "true",
                            "enable_deletion_protection": "false",
                            "enable_http2": "true",
                            "enable_tls_version_and_cipher_suite_headers": "false",
                            "enable_waf_fail_open": "false",
                            "enable_xff_client_port": "false",
                            "enable_zonal_shift": "false",
                            "enforce_security_group_inbound_rules_on_private_link_traffic": "",
                            "id": "arn:aws:elasticloadbalancing:ap-southeast-1:677402243468:loadbalancer/app/videocall-alb/9615e9473ceed871",
                            "idle_timeout": "60",
                            "internal": "false",
                            "ip_address_type": "ipv4",
                            "ipam_pools.#": "0",
                            "load_balancer_type": "application",
                            "minimum_load_balancer_capacity.#": "0",
                            "name": "videocall-alb",
                            "name_prefix": "",
                            "preserve_host_header": "false",
                            "security_groups.#": "2",
                            "security_groups.0": "sg-02758c3c207fc2dfe",
                            "security_groups.1": "sg-0ab0d2965a9da066e",
                            "subnet_mapping.#": "2",
                            "subnet_mapping.0.allocation_id": "",
                            "subnet_mapping.0.ipv6_address": "",
                            "subnet_mapping.0.outpost_id": "",
                            "subnet_mapping.0.private_ipv4_address": "",
                            "subnet_mapping.0.subnet_id": "subnet-029dc17eaede50b97",
                            "subnet_mapping.1.allocation_id": "",
                            "subnet_mapping.1.ipv6_address": "",
                            "subnet_mapping.1.outpost_id": "",
                            "subnet_mapping.1.private_ipv4_address": "",
                            "subnet_mapping.1.subnet_id": "subnet-0bd81f549904c4c0e",
                            "subnets.#": "2",
                            "subnets.0": "subnet-029dc17eaede50b97",
                            "subnets.1": "subnet-0bd81f549904c4c0e",
                            "tags.%": "0",
                            "tags_all.%": "0",
                            "vpc_id": "vpc-0806d612b395af484",
                            "xff_header_processing_mode": "append",
                            "zone_id": "Z1LMS91P8CMLE5"
                        },
                        "meta": {
                            "schema_version": 0
                        },
                        "tainted": false
                    },
                    "deposed": [],
                    "provider": "provider.aws"
                },
                "aws_lb_listener.tfer--arn-003A-aws-003A-elasticloadbalancing-003A-ap-southeast-1-003A-677402243468-003A-listener-002F-app-002F-videocall-alb-002F-9615e9473ceed871-002F-1db3a3949ce205ad": {
                    "type": "aws_lb_listener",
                    "depends_on": [],
                    "primary": {
                        "id": "arn:aws:elasticloadbalancing:ap-southeast-1:677402243468:listener/app/videocall-alb/9615e9473ceed871/1db3a3949ce205ad",
                        "attributes": {
                            "arn": "arn:aws:elasticloadbalancing:ap-southeast-1:677402243468:listener/app/videocall-alb/9615e9473ceed871/1db3a3949ce205ad",
                            "certificate_arn": "arn:aws:acm:ap-southeast-1:677402243468:certificate/128babff-071f-46e1-8a5f-f4dd30371009",
                            "default_action.#": "1",
                            "default_action.0.authenticate_cognito.#": "0",
                            "default_action.0.authenticate_oidc.#": "0",
                            "default_action.0.fixed_response.#": "1",
                            "default_action.0.fixed_response.0.content_type": "text/plain",
                            "default_action.0.fixed_response.0.message_body": "Not Found",
                            "default_action.0.fixed_response.0.status_code": "404",
                            "default_action.0.forward.#": "0",
                            "default_action.0.order": "1",
                            "default_action.0.redirect.#": "0",
                            "default_action.0.target_group_arn": "",
                            "default_action.0.type": "fixed-response",
                            "id": "arn:aws:elasticloadbalancing:ap-southeast-1:677402243468:listener/app/videocall-alb/9615e9473ceed871/1db3a3949ce205ad",
                            "load_balancer_arn": "arn:aws:elasticloadbalancing:ap-southeast-1:677402243468:loadbalancer/app/videocall-alb/9615e9473ceed871",
                            "mutual_authentication.#": "1",
                            "mutual_authentication.0.advertise_trust_store_ca_names": "",
                            "mutual_authentication.0.ignore_client_certificate_expiry": "false",
                            "mutual_authentication.0.mode": "off",
                            "mutual_authentication.0.trust_store_arn": "",
                            "port": "443",
                            "protocol": "HTTPS",
                            "routing_http_request_x_amzn_mtls_clientcert_header_name": "",
                            "routing_http_request_x_amzn_mtls_clientcert_issuer_header_name": "",
                            "routing_http_request_x_amzn_mtls_clientcert_leaf_header_name": "",
                            "routing_http_request_x_amzn_mtls_clientcert_serial_number_header_name": "",
                            "routing_http_request_x_amzn_mtls_clientcert_subject_header_name": "",
                            "routing_http_request_x_amzn_mtls_clientcert_validity_header_name": "",
                            "routing_http_request_x_amzn_tls_cipher_suite_header_name": "",
                            "routing_http_request_x_amzn_tls_version_header_name": "",
                            "routing_http_response_access_control_allow_credentials_header_value": "",
                            "routing_http_response_access_control_allow_headers_header_value": "",
                            "routing_http_response_access_control_allow_methods_header_value": "",
                            "routing_http_response_access_control_allow_origin_header_value": "",
                            "routing_http_response_access_control_expose_headers_header_value": "",
                            "routing_http_response_access_control_max_age_header_value": "",
                            "routing_http_response_content_security_policy_header_value": "",
                            "routing_http_response_server_enabled": "true",
                            "routing_http_response_strict_transport_security_header_value": "",
                            "routing_http_response_x_content_type_options_header_value": "",
                            "routing_http_response_x_frame_options_header_value": "",
                            "ssl_policy": "ELBSecurityPolicy-TLS13-1-2-Res-PQ-2025-09",
                            "tags.%": "0",
                            "tags_all.%": "0"
                        },
                        "meta": {
                            "schema_version": 0
                        },
                        "tainted": false
                    },
                    "deposed": [],
                    "provider": "provider.aws"
                },
                "aws_lb_listener.tfer--arn-003A-aws-003A-elasticloadbalancing-003A-ap-southeast-1-003A-677402243468-003A-listener-002F-app-002F-videocall-alb-002F-9615e9473ceed871-002F-9f103f6b181a6e5f": {
                    "type": "aws_lb_listener",
                    "depends_on": [],
                    "primary": {
                        "id": "arn:aws:elasticloadbalancing:ap-southeast-1:677402243468:listener/app/videocall-alb/9615e9473ceed871/9f103f6b181a6e5f",
                        "attributes": {
                            "arn": "arn:aws:elasticloadbalancing:ap-southeast-1:677402243468:listener/app/videocall-alb/9615e9473ceed871/9f103f6b181a6e5f",
                            "default_action.#": "1",
                            "default_action.0.authenticate_cognito.#": "0",
                            "default_action.0.authenticate_oidc.#": "0",
                            "default_action.0.fixed_response.#": "0",
                            "default_action.0.forward.#": "0",
                            "default_action.0.order": "1",
                            "default_action.0.redirect.#": "1",
                            "default_action.0.redirect.0.host": "#{host}",
                            "default_action.0.redirect.0.path": "/#{path}",
                            "default_action.0.redirect.0.port": "443",
                            "default_action.0.redirect.0.protocol": "HTTPS",
                            "default_action.0.redirect.0.query": "#{query}",
                            "default_action.0.redirect.0.status_code": "HTTP_301",
                            "default_action.0.target_group_arn": "",
                            "default_action.0.type": "redirect",
                            "id": "arn:aws:elasticloadbalancing:ap-southeast-1:677402243468:listener/app/videocall-alb/9615e9473ceed871/9f103f6b181a6e5f",
                            "load_balancer_arn": "arn:aws:elasticloadbalancing:ap-southeast-1:677402243468:loadbalancer/app/videocall-alb/9615e9473ceed871",
                            "mutual_authentication.#": "0",
                            "port": "80",
                            "protocol": "HTTP",
                            "routing_http_response_access_control_allow_credentials_header_value": "",
                            "routing_http_response_access_control_allow_headers_header_value": "",
                            "routing_http_response_access_control_allow_methods_header_value": "",
                            "routing_http_response_access_control_allow_origin_header_value": "",
                            "routing_http_response_access_control_expose_headers_header_value": "",
                            "routing_http_response_access_control_max_age_header_value": "",
                            "routing_http_response_content_security_policy_header_value": "",
                            "routing_http_response_server_enabled": "true",
                            "routing_http_response_strict_transport_security_header_value": "",
                            "routing_http_response_x_content_type_options_header_value": "",
                            "routing_http_response_x_frame_options_header_value": "",
                            "ssl_policy": "",
                            "tags.%": "0",
                            "tags_all.%": "0"
                        },
                        "meta": {
                            "schema_version": 0
                        },
                        "tainted": false
                    },
                    "deposed": [],
                    "provider": "provider.aws"
                },
                "aws_lb_listener_rule.tfer--arn-003A-aws-003A-elasticloadbalancing-003A-ap-southeast-1-003A-677402243468-003A-listener-rule-002F-app-002F-videocall-alb-002F-9615e9473ceed871-002F-1db3a3949ce205ad-002F-e7897d17984d2708": {
                    "type": "aws_lb_listener_rule",
                    "depends_on": [],
                    "primary": {
                        "id": "arn:aws:elasticloadbalancing:ap-southeast-1:677402243468:listener-rule/app/videocall-alb/9615e9473ceed871/1db3a3949ce205ad/e7897d17984d2708",
                        "attributes": {
                            "action.#": "1",
                            "action.0.authenticate_cognito.#": "0",
                            "action.0.authenticate_oidc.#": "0",
                            "action.0.fixed_response.#": "0",
                            "action.0.forward.#": "1",
                            "action.0.forward.0.stickiness.#": "1",
                            "action.0.forward.0.stickiness.0.duration": "3600",
                            "action.0.forward.0.stickiness.0.enabled": "false",
                            "action.0.forward.0.target_group.#": "1",
                            "action.0.forward.0.target_group.0.arn": "arn:aws:elasticloadbalancing:ap-southeast-1:677402243468:targetgroup/videocall-frontend-tg/9422cf35f79d98ce",
                            "action.0.forward.0.target_group.0.weight": "1",
                            "action.0.order": "1",
                            "action.0.redirect.#": "0",
                            "action.0.target_group_arn": "arn:aws:elasticloadbalancing:ap-southeast-1:677402243468:targetgroup/videocall-frontend-tg/9422cf35f79d98ce",
                            "action.0.type": "forward",
                            "arn": "arn:aws:elasticloadbalancing:ap-southeast-1:677402243468:listener-rule/app/videocall-alb/9615e9473ceed871/1db3a3949ce205ad/e7897d17984d2708",
                            "condition.#": "1",
                            "condition.0.host_header.#": "1",
                            "condition.0.host_header.0.values.#": "1",
                            "condition.0.host_header.0.values.0": "ninh-video-call-demo.food",
                            "condition.0.http_header.#": "0",
                            "condition.0.http_request_method.#": "0",
                            "condition.0.path_pattern.#": "0",
                            "condition.0.query_string.#": "0",
                            "condition.0.source_ip.#": "0",
                            "id": "arn:aws:elasticloadbalancing:ap-southeast-1:677402243468:listener-rule/app/videocall-alb/9615e9473ceed871/1db3a3949ce205ad/e7897d17984d2708",
                            "listener_arn": "arn:aws:elasticloadbalancing:ap-southeast-1:677402243468:listener/app/videocall-alb/9615e9473ceed871/1db3a3949ce205ad",
                            "priority": "1",
                            "tags.%": "0",
                            "tags_all.%": "0"
                        },
                        "meta": {
                            "schema_version": 0
                        },
                        "tainted": false
                    },
                    "deposed": [],
                    "provider": "provider.aws"
                },
                "aws_lb_target_group.tfer--videocall-frontend-tg": {
                    "type": "aws_lb_target_group",
                    "depends_on": [],
                    "primary": {
                        "id": "arn:aws:elasticloadbalancing:ap-southeast-1:677402243468:targetgroup/videocall-frontend-tg/9422cf35f79d98ce",
                        "attributes": {
                            "arn": "arn:aws:elasticloadbalancing:ap-southeast-1:677402243468:targetgroup/videocall-frontend-tg/9422cf35f79d98ce",
                            "arn_suffix": "targetgroup/videocall-frontend-tg/9422cf35f79d98ce",
                            "deregistration_delay": "300",
                            "health_check.#": "1",
                            "health_check.0.enabled": "true",
                            "health_check.0.healthy_threshold": "5",
                            "health_check.0.interval": "30",
                            "health_check.0.matcher": "200",
                            "health_check.0.path": "/",
                            "health_check.0.port": "traffic-port",
                            "health_check.0.protocol": "HTTP",
                            "health_check.0.timeout": "5",
                            "health_check.0.unhealthy_threshold": "2",
                            "id": "arn:aws:elasticloadbalancing:ap-southeast-1:677402243468:targetgroup/videocall-frontend-tg/9422cf35f79d98ce",
                            "ip_address_type": "ipv4",
                            "load_balancer_arns.#": "1",
                            "load_balancer_arns.0": "arn:aws:elasticloadbalancing:ap-southeast-1:677402243468:loadbalancer/app/videocall-alb/9615e9473ceed871",
                            "load_balancing_algorithm_type": "round_robin",
                            "load_balancing_anomaly_mitigation": "off",
                            "load_balancing_cross_zone_enabled": "use_load_balancer_configuration",
                            "name": "videocall-frontend-tg",
                            "name_prefix": "",
                            "port": "80",
                            "protocol": "HTTP",
                            "protocol_version": "HTTP1",
                            "slow_start": "0",
                            "stickiness.#": "1",
                            "stickiness.0.cookie_duration": "86400",
                            "stickiness.0.cookie_name": "",
                            "stickiness.0.enabled": "false",
                            "stickiness.0.type": "lb_cookie",
                            "tags.%": "0",
                            "tags_all.%": "0",
                            "target_failover.#": "1",
                            "target_group_health.#": "1",
                            "target_group_health.0.dns_failover.#": "1",
                            "target_group_health.0.dns_failover.0.minimum_healthy_targets_count": "1",
                            "target_group_health.0.dns_failover.0.minimum_healthy_targets_percentage": "off",
                            "target_group_health.0.unhealthy_state_routing.#": "1",
                            "target_group_health.0.unhealthy_state_routing.0.minimum_healthy_targets_count": "1",
                            "target_group_health.0.unhealthy_state_routing.0.minimum_healthy_targets_percentage": "off",
                            "target_health_state.#": "1",
                            "target_type": "ip",
                            "vpc_id": "vpc-0806d612b395af484"
                        },
                        "meta": {
                            "schema_version": 0
                        },
                        "tainted": false
                    },
                    "deposed": [],
                    "provider": "provider.aws"
                },
                "aws_lb_target_group_attachment.tfer--arn-003A-aws-003A-elasticloadbalancing-003A-ap-southeast-1-003A-677402243468-003A-targetgroup-002F-videocall-frontend-tg-002F-9422cf35f79d98ce-172-002E-31-002E-45-002E-10": {
                    "type": "aws_lb_target_group_attachment",
                    "depends_on": [],
                    "primary": {
                        "id": "arn:aws:elasticloadbalancing:ap-southeast-1:677402243468:targetgroup/videocall-frontend-tg/9422cf35f79d98ce-172.31.45.10",
                        "attributes": {
                            "id": "arn:aws:elasticloadbalancing:ap-southeast-1:677402243468:targetgroup/videocall-frontend-tg/9422cf35f79d98ce-172.31.45.10",
                            "target_group_arn": "arn:aws:elasticloadbalancing:ap-southeast-1:677402243468:targetgroup/videocall-frontend-tg/9422cf35f79d98ce",
                            "target_id": "172.31.45.10"
                        },
                        "meta": {
                            "schema_version": 0
                        },
                        "tainted": false
                    },
                    "deposed": [],
                    "provider": "provider.aws"
                }
            },
            "depends_on": []
        }
    ]
}
