{
    "version": 3,
    "terraform_version": "0.12.31",
    "serial": 1,
    "lineage": "99e9d4a8-34c4-2610-3cf0-c8e0adbbe8de",
    "modules": [
        {
            "path": [
                "root"
            ],
            "outputs": {
                "aws_vpc_tfer--vpc-0806d612b395af484_id": {
                    "sensitive": false,
                    "type": "string",
                    "value": "vpc-0806d612b395af484"
                }
            },
            "resources": {
                "aws_vpc.tfer--vpc-0806d612b395af484": {
                    "type": "aws_vpc",
                    "depends_on": [],
                    "primary": {
                        "id": "vpc-0806d612b395af484",
                        "attributes": {
                            "arn": "arn:aws:ec2:ap-southeast-1:677402243468:vpc/vpc-0806d612b395af484",
                            "assign_generated_ipv6_cidr_block": "false",
                            "cidr_block": "172.31.0.0/16",
                            "default_network_acl_id": "acl-027c1fd1e3d9249c7",
                            "default_route_table_id": "rtb-0e1a6978d24037411",
                            "default_security_group_id": "sg-0ab0d2965a9da066e",
                            "dhcp_options_id": "dopt-0af10288c6876080c",
                            "enable_dns_hostnames": "true",
                            "enable_dns_support": "true",
                            "enable_network_address_usage_metrics": "false",
                            "id": "vpc-0806d612b395af484",
                            "instance_tenancy": "default",
                            "ipv6_association_id": "",
                            "ipv6_cidr_block": "",
                            "ipv6_cidr_block_network_border_group": "",
                            "ipv6_ipam_pool_id": "",
                            "ipv6_netmask_length": "0",
                            "main_route_table_id": "rtb-0e1a6978d24037411",
                            "owner_id": "677402243468",
                            "tags.%": "0",
                            "tags_all.%": "0"
                        },
                        "meta": {
                            "schema_version": 1
                        },
                        "tainted": false
                    },
                    "deposed": [],
                    "provider": "provider.aws"
                }
            },
            "depends_on": []
        }
    ]
}
