{
    "version": 3,
    "terraform_version": "0.12.31",
    "serial": 1,
    "lineage": "f2d1505d-19ad-6f7e-9854-f147caf746ea",
    "modules": [
        {
            "path": [
                "root"
            ],
            "outputs": {
                "aws_main_route_table_association_tfer--vpc-0806d612b395af484_id": {
                    "sensitive": false,
                    "type": "string",
                    "value": "rtbassoc-0bc89696f4a29d688"
                },
                "aws_route_table_tfer--rtb-0e1a6978d24037411_id": {
                    "sensitive": false,
                    "type": "string",
                    "value": "rtb-0e1a6978d24037411"
                }
            },
            "resources": {
                "aws_main_route_table_association.tfer--vpc-0806d612b395af484": {
                    "type": "aws_main_route_table_association",
                    "depends_on": [],
                    "primary": {
                        "id": "rtbassoc-0bc89696f4a29d688",
                        "attributes": {
                            "id": "rtbassoc-0bc89696f4a29d688",
                            "route_table_id": "rtb-0e1a6978d24037411",
                            "vpc_id": "vpc-0806d612b395af484"
                        },
                        "meta": {
                            "schema_version": 0
                        },
                        "tainted": false
                    },
                    "deposed": [],
                    "provider": "provider.aws"
                },
                "aws_route_table.tfer--rtb-0e1a6978d24037411": {
                    "type": "aws_route_table",
                    "depends_on": [],
                    "primary": {
                        "id": "rtb-0e1a6978d24037411",
                        "attributes": {
                            "arn": "arn:aws:ec2:ap-southeast-1:677402243468:route-table/rtb-0e1a6978d24037411",
                            "id": "rtb-0e1a6978d24037411",
                            "owner_id": "677402243468",
                            "propagating_vgws.#": "0",
                            "route.#": "1",
                            "route.0.carrier_gateway_id": "",
                            "route.0.cidr_block": "0.0.0.0/0",
                            "route.0.core_network_arn": "",
                            "route.0.destination_prefix_list_id": "",
                            "route.0.egress_only_gateway_id": "",
                            "route.0.gateway_id": "igw-05891885242b3b6c1",
                            "route.0.ipv6_cidr_block": "",
                            "route.0.local_gateway_id": "",
                            "route.0.nat_gateway_id": "",
                            "route.0.network_interface_id": "",
                            "route.0.transit_gateway_id": "",
                            "route.0.vpc_endpoint_id": "",
                            "route.0.vpc_peering_connection_id": "",
                            "tags.%": "0",
                            "tags_all.%": "0",
                            "vpc_id": "vpc-0806d612b395af484"
                        },
                        "meta": {
                            "schema_version": 0
                        },
                        "tainted": false
                    },
                    "deposed": [],
                    "provider": "provider.aws"
                }
            },
            "depends_on": []
        }
    ]
}
