{
    "version": 3,
    "terraform_version": "0.12.31",
    "serial": 1,
    "lineage": "bfe37e8c-15ab-b15f-be03-59990274056f",
    "modules": [
        {
            "path": [
                "root"
            ],
            "outputs": {
                "aws_ecr_repository_tfer--videocall-backend_id": {
                    "sensitive": false,
                    "type": "string",
                    "value": "videocall-backend"
                },
                "aws_ecr_repository_tfer--videocall-frontend_id": {
                    "sensitive": false,
                    "type": "string",
                    "value": "videocall-frontend"
                }
            },
            "resources": {
                "aws_ecr_repository.tfer--videocall-backend": {
                    "type": "aws_ecr_repository",
                    "depends_on": [],
                    "primary": {
                        "id": "videocall-backend",
                        "attributes": {
                            "arn": "arn:aws:ecr:ap-southeast-1:677402243468:repository/videocall-backend",
                            "encryption_configuration.#": "1",
                            "encryption_configuration.0.encryption_type": "AES256",
                            "encryption_configuration.0.kms_key": "",
                            "id": "videocall-backend",
                            "image_scanning_configuration.#": "1",
                            "image_scanning_configuration.0.scan_on_push": "false",
                            "image_tag_mutability": "MUTABLE",
                            "name": "videocall-backend",
                            "registry_id": "677402243468",
                            "repository_url": "677402243468.dkr.ecr.ap-southeast-1.amazonaws.com/videocall-backend",
                            "tags.%": "0",
                            "tags_all.%": "0"
                        },
                        "meta": {
                            "schema_version": 0
                        },
                        "tainted": false
                    },
                    "deposed": [],
                    "provider": "provider.aws"
                },
                "aws_ecr_repository.tfer--videocall-frontend": {
                    "type": "aws_ecr_repository",
                    "depends_on": [],
                    "primary": {
                        "id": "videocall-frontend",
                        "attributes": {
                            "arn": "arn:aws:ecr:ap-southeast-1:677402243468:repository/videocall-frontend",
                            "encryption_configuration.#": "1",
                            "encryption_configuration.0.encryption_type": "AES256",
                            "encryption_configuration.0.kms_key": "",
                            "id": "videocall-frontend",
                            "image_scanning_configuration.#": "1",
                            "image_scanning_configuration.0.scan_on_push": "false",
                            "image_tag_mutability": "MUTABLE",
                            "name": "videocall-frontend",
                            "registry_id": "677402243468",
                            "repository_url": "677402243468.dkr.ecr.ap-southeast-1.amazonaws.com/videocall-frontend",
                            "tags.%": "0",
                            "tags_all.%": "0"
                        },
                        "meta": {
                            "schema_version": 0
                        },
                        "tainted": false
                    },
                    "deposed": [],
                    "provider": "provider.aws"
                }
            },
            "depends_on": []
        }
    ]
}
