{
    "version": 3,
    "terraform_version": "0.12.31",
    "serial": 1,
    "lineage": "6005da1c-ddbb-edd3-b8d9-dc15306679f9",
    "modules": [
        {
            "path": [
                "root"
            ],
            "outputs": {
                "aws_route53_record_tfer--Z047764539BW6DC9FC5O5_u2u-002E-xyz-002E-_NS__id": {
                    "sensitive": false,
                    "type": "string",
                    "value": "Z047764539BW6DC9FC5O5_u2u.xyz._NS_"
                },
                "aws_route53_record_tfer--Z047764539BW6DC9FC5O5_u2u-002E-xyz-002E-_SOA__id": {
                    "sensitive": false,
                    "type": "string",
                    "value": "Z047764539BW6DC9FC5O5_u2u.xyz._SOA_"
                },
                "aws_route53_record_tfer--Z05145943JAIPN98TAEII__5461c3d3bd1e6d5773debd439a537728-002E-ninh-video-call-demo-002E-food-002E-_CNAME__id": {
                    "sensitive": false,
                    "type": "string",
                    "value": "Z05145943JAIPN98TAEII__5461c3d3bd1e6d5773debd439a537728.ninh-video-call-demo.food._CNAME_"
                },
                "aws_route53_record_tfer--Z05145943JAIPN98TAEII_ninh-video-call-demo-002E-food-002E-_A__id": {
                    "sensitive": false,
                    "type": "string",
                    "value": "Z05145943JAIPN98TAEII_ninh-video-call-demo.food._A_"
                },
                "aws_route53_record_tfer--Z05145943JAIPN98TAEII_ninh-video-call-demo-002E-food-002E-_NS__id": {
                    "sensitive": false,
                    "type": "string",
                    "value": "Z05145943JAIPN98TAEII_ninh-video-call-demo.food._NS_"
                },
                "aws_route53_record_tfer--Z05145943JAIPN98TAEII_ninh-video-call-demo-002E-food-002E-_SOA__id": {
                    "sensitive": false,
                    "type": "string",
                    "value": "Z05145943JAIPN98TAEII_ninh-video-call-demo.food._SOA_"
                },
                "aws_route53_zone_tfer--Z047764539BW6DC9FC5O5_u2u-002E-xyz_id": {
                    "sensitive": false,
                    "type": "string",
                    "value": "Z047764539BW6DC9FC5O5"
                },
                "aws_route53_zone_tfer--Z05145943JAIPN98TAEII_ninh-video-call-demo-002E-food_id": {
                    "sensitive": false,
                    "type": "string",
                    "value": "Z05145943JAIPN98TAEII"
                }
            },
            "resources": {
                "aws_route53_record.tfer--Z047764539BW6DC9FC5O5_u2u-002E-xyz-002E-_NS_": {
                    "type": "aws_route53_record",
                    "depends_on": [],
                    "primary": {
                        "id": "Z047764539BW6DC9FC5O5_u2u.xyz._NS_",
                        "attributes": {
                            "fqdn": "u2u.xyz",
                            "health_check_id": "",
                            "id": "Z047764539BW6DC9FC5O5_u2u.xyz._NS_",
                            "multivalue_answer_routing_policy": "false",
                            "name": "u2u.xyz",
                            "records.#": "4",
                            "records.0": "ns-1454.awsdns-53.org.",
                            "records.1": "ns-1720.awsdns-23.co.uk.",
                            "records.2": "ns-37.awsdns-04.com.",
                            "records.3": "ns-784.awsdns-34.net.",
                            "set_identifier": "",
                            "ttl": "172800",
                            "type": "NS",
                            "zone_id": "Z047764539BW6DC9FC5O5"
                        },
                        "meta": {
                            "schema_version": 2
                        },
                        "tainted": false
                    },
                    "deposed": [],
                    "provider": "provider.aws"
                },
                "aws_route53_record.tfer--Z047764539BW6DC9FC5O5_u2u-002E-xyz-002E-_SOA_": {
                    "type": "aws_route53_record",
                    "depends_on": [],
                    "primary": {
                        "id": "Z047764539BW6DC9FC5O5_u2u.xyz._SOA_",
                        "attributes": {
                            "fqdn": "u2u.xyz",
                            "health_check_id": "",
                            "id": "Z047764539BW6DC9FC5O5_u2u.xyz._SOA_",
                            "multivalue_answer_routing_policy": "false",
                            "name": "u2u.xyz",
                            "records.#": "1",
                            "records.0": "ns-1720.awsdns-23.co.uk. awsdns-hostmaster.amazon.com. 1 7200 900 1209600 86400",
                            "set_identifier": "",
                            "ttl": "900",
                            "type": "SOA",
                            "zone_id": "Z047764539BW6DC9FC5O5"
                        },
                        "meta": {
                            "schema_version": 2
                        },
                        "tainted": false
                    },
                    "deposed": [],
                    "provider": "provider.aws"
                },
                "aws_route53_record.tfer--Z05145943JAIPN98TAEII__5461c3d3bd1e6d5773debd439a537728-002E-ninh-video-call-demo-002E-food-002E-_CNAME_": {
                    "type": "aws_route53_record",
                    "depends_on": [],
                    "primary": {
                        "id": "Z05145943JAIPN98TAEII__5461c3d3bd1e6d5773debd439a537728.ninh-video-call-demo.food._CNAME_",
                        "attributes": {
                            "fqdn": "_5461c3d3bd1e6d5773debd439a537728.ninh-video-call-demo.food",
                            "health_check_id": "",
                            "id": "Z05145943JAIPN98TAEII__5461c3d3bd1e6d5773debd439a537728.ninh-video-call-demo.food._CNAME_",
                            "multivalue_answer_routing_policy": "false",
                            "name": "_5461c3d3bd1e6d5773debd439a537728.ninh-video-call-demo.food",
                            "records.#": "1",
                            "records.0": "_714fb4819db488fecf2cd2d3b5fd0dcb.jkddzztszm.acm-validations.aws.",
                            "set_identifier": "",
                            "ttl": "300",
                            "type": "CNAME",
                            "zone_id": "Z05145943JAIPN98TAEII"
                        },
                        "meta": {
                            "schema_version": 2
                        },
                        "tainted": false
                    },
                    "deposed": [],
                    "provider": "provider.aws"
                },
                "aws_route53_record.tfer--Z05145943JAIPN98TAEII_ninh-video-call-demo-002E-food-002E-_A_": {
                    "type": "aws_route53_record",
                    "depends_on": [],
                    "primary": {
                        "id": "Z05145943JAIPN98TAEII_ninh-video-call-demo.food._A_",
                        "attributes": {
                            "alias.#": "1",
                            "alias.0.evaluate_target_health": "true",
                            "alias.0.name": "dualstack.videocall-alb-1920905937.ap-southeast-1.elb.amazonaws.com",
                            "alias.0.zone_id": "Z1LMS91P8CMLE5",
                            "fqdn": "ninh-video-call-demo.food",
                            "health_check_id": "",
                            "id": "Z05145943JAIPN98TAEII_ninh-video-call-demo.food._A_",
                            "multivalue_answer_routing_policy": "false",
                            "name": "ninh-video-call-demo.food",
                            "records.#": "0",
                            "set_identifier": "",
                            "ttl": "0",
                            "type": "A",
                            "zone_id": "Z05145943JAIPN98TAEII"
                        },
                        "meta": {
                            "schema_version": 2
                        },
                        "tainted": false
                    },
                    "deposed": [],
                    "provider": "provider.aws"
                },
                "aws_route53_record.tfer--Z05145943JAIPN98TAEII_ninh-video-call-demo-002E-food-002E-_NS_": {
                    "type": "aws_route53_record",
                    "depends_on": [],
                    "primary": {
                        "id": "Z05145943JAIPN98TAEII_ninh-video-call-demo.food._NS_",
                        "attributes": {
                            "fqdn": "ninh-video-call-demo.food",
                            "health_check_id": "",
                            "id": "Z05145943JAIPN98TAEII_ninh-video-call-demo.food._NS_",
                            "multivalue_answer_routing_policy": "false",
                            "name": "ninh-video-call-demo.food",
                            "records.#": "4",
                            "records.0": "ns-1038.awsdns-01.org.",
                            "records.1": "ns-2037.awsdns-62.co.uk.",
                            "records.2": "ns-57.awsdns-07.com.",
                            "records.3": "ns-987.awsdns-59.net.",
                            "set_identifier": "",
                            "ttl": "172800",
                            "type": "NS",
                            "zone_id": "Z05145943JAIPN98TAEII"
                        },
                        "meta": {
                            "schema_version": 2
                        },
                        "tainted": false
                    },
                    "deposed": [],
                    "provider": "provider.aws"
                },
                "aws_route53_record.tfer--Z05145943JAIPN98TAEII_ninh-video-call-demo-002E-food-002E-_SOA_": {
                    "type": "aws_route53_record",
                    "depends_on": [],
                    "primary": {
                        "id": "Z05145943JAIPN98TAEII_ninh-video-call-demo.food._SOA_",
                        "attributes": {
                            "fqdn": "ninh-video-call-demo.food",
                            "health_check_id": "",
                            "id": "Z05145943JAIPN98TAEII_ninh-video-call-demo.food._SOA_",
                            "multivalue_answer_routing_policy": "false",
                            "name": "ninh-video-call-demo.food",
                            "records.#": "1",
                            "records.0": "ns-1038.awsdns-01.org. awsdns-hostmaster.amazon.com. 1 7200 900 1209600 86400",
                            "set_identifier": "",
                            "ttl": "900",
                            "type": "SOA",
                            "zone_id": "Z05145943JAIPN98TAEII"
                        },
                        "meta": {
                            "schema_version": 2
                        },
                        "tainted": false
                    },
                    "deposed": [],
                    "provider": "provider.aws"
                },
                "aws_route53_zone.tfer--Z047764539BW6DC9FC5O5_u2u-002E-xyz": {
                    "type": "aws_route53_zone",
                    "depends_on": [],
                    "primary": {
                        "id": "Z047764539BW6DC9FC5O5",
                        "attributes": {
                            "arn": "arn:aws:route53:::hostedzone/Z047764539BW6DC9FC5O5",
                            "comment": "",
                            "delegation_set_id": "",
                            "force_destroy": "false",
                            "id": "Z047764539BW6DC9FC5O5",
                            "name": "u2u.xyz",
                            "name_servers.#": "4",
                            "name_servers.0": "ns-1454.awsdns-53.org",
                            "name_servers.1": "ns-1720.awsdns-23.co.uk",
                            "name_servers.2": "ns-37.awsdns-04.com",
                            "name_servers.3": "ns-784.awsdns-34.net",
                            "primary_name_server": "ns-1720.awsdns-23.co.uk",
                            "tags.%": "0",
                            "tags_all.%": "0",
                            "vpc.#": "0",
                            "zone_id": "Z047764539BW6DC9FC5O5"
                        },
                        "meta": {
                            "schema_version": 0
                        },
                        "tainted": false
                    },
                    "deposed": [],
                    "provider": "provider.aws"
                },
                "aws_route53_zone.tfer--Z05145943JAIPN98TAEII_ninh-video-call-demo-002E-food": {
                    "type": "aws_route53_zone",
                    "depends_on": [],
                    "primary": {
                        "id": "Z05145943JAIPN98TAEII",
                        "attributes": {
                            "arn": "arn:aws:route53:::hostedzone/Z05145943JAIPN98TAEII",
                            "comment": "video call app route 53 domain",
                            "delegation_set_id": "",
                            "force_destroy": "false",
                            "id": "Z05145943JAIPN98TAEII",
                            "name": "ninh-video-call-demo.food",
                            "name_servers.#": "4",
                            "name_servers.0": "ns-1038.awsdns-01.org",
                            "name_servers.1": "ns-2037.awsdns-62.co.uk",
                            "name_servers.2": "ns-57.awsdns-07.com",
                            "name_servers.3": "ns-987.awsdns-59.net",
                            "primary_name_server": "ns-1038.awsdns-01.org",
                            "tags.%": "0",
                            "tags_all.%": "0",
                            "vpc.#": "0",
                            "zone_id": "Z05145943JAIPN98TAEII"
                        },
                        "meta": {
                            "schema_version": 0
                        },
                        "tainted": false
                    },
                    "deposed": [],
                    "provider": "provider.aws"
                }
            },
            "depends_on": []
        }
    ]
}
