{
    "version": 3,
    "terraform_version": "0.12.31",
    "serial": 1,
    "lineage": "ae824346-7fc0-12b0-11fa-40caafb25c55",
    "modules": [
        {
            "path": [
                "root"
            ],
            "outputs": {
                "aws_security_group_tfer--default_sg-0ab0d2965a9da066e_id": {
                    "sensitive": false,
                    "type": "string",
                    "value": "sg-0ab0d2965a9da066e"
                },
                "aws_security_group_tfer--videocall-alb-sg_sg-02758c3c207fc2dfe_id": {
                    "sensitive": false,
                    "type": "string",
                    "value": "sg-02758c3c207fc2dfe"
                },
                "aws_security_group_tfer--videocall-ecs-sg_sg-089599ea13047dc8d_id": {
                    "sensitive": false,
                    "type": "string",
                    "value": "sg-089599ea13047dc8d"
                }
            },
            "resources": {
                "aws_security_group.tfer--default_sg-0ab0d2965a9da066e": {
                    "type": "aws_security_group",
                    "depends_on": [],
                    "primary": {
                        "id": "sg-0ab0d2965a9da066e",
                        "attributes": {
                            "arn": "arn:aws:ec2:ap-southeast-1:677402243468:security-group/sg-0ab0d2965a9da066e",
                            "description": "default VPC security group",
                            "egress.#": "1",
                            "egress.0.cidr_blocks.#": "1",
                            "egress.0.cidr_blocks.0": "0.0.0.0/0",
                            "egress.0.description": "",
                            "egress.0.from_port": "0",
                            "egress.0.ipv6_cidr_blocks.#": "0",
                            "egress.0.prefix_list_ids.#": "0",
                            "egress.0.protocol": "-1",
                            "egress.0.security_groups.#": "0",
                            "egress.0.self": "false",
                            "egress.0.to_port": "0",
                            "id": "sg-0ab0d2965a9da066e",
                            "ingress.#": "1",
                            "ingress.0.cidr_blocks.#": "0",
                            "ingress.0.description": "",
                            "ingress.0.from_port": "0",
                            "ingress.0.ipv6_cidr_blocks.#": "0",
                            "ingress.0.prefix_list_ids.#": "0",
                            "ingress.0.protocol": "-1",
                            "ingress.0.security_groups.#": "0",
                            "ingress.0.self": "true",
                            "ingress.0.to_port": "0",
                            "name": "default",
                            "name_prefix": "",
                            "owner_id": "677402243468",
                            "tags.%": "0",
                            "tags_all.%": "0",
                            "vpc_id": "vpc-0806d612b395af484"
                        },
                        "meta": {
                            "schema_version": 1
                        },
                        "tainted": false
                    },
                    "deposed": [],
                    "provider": "provider.aws"
                },
                "aws_security_group.tfer--videocall-alb-sg_sg-02758c3c207fc2dfe": {
                    "type": "aws_security_group",
                    "depends_on": [],
                    "primary": {
                        "id": "sg-02758c3c207fc2dfe",
                        "attributes": {
                            "arn": "arn:aws:ec2:ap-southeast-1:677402243468:security-group/sg-02758c3c207fc2dfe",
                            "description": "Security group for video call ALB",
                            "egress.#": "1",
                            "egress.0.cidr_blocks.#": "1",
                            "egress.0.cidr_blocks.0": "0.0.0.0/0",
                            "egress.0.description": "",
                            "egress.0.from_port": "0",
                            "egress.0.ipv6_cidr_blocks.#": "0",
                            "egress.0.prefix_list_ids.#": "0",
                            "egress.0.protocol": "-1",
                            "egress.0.security_groups.#": "0",
                            "egress.0.self": "false",
                            "egress.0.to_port": "0",
                            "id": "sg-02758c3c207fc2dfe",
                            "ingress.#": "2",
                            "ingress.0.cidr_blocks.#": "1",
                            "ingress.0.cidr_blocks.0": "0.0.0.0/0",
                            "ingress.0.description": "",
                            "ingress.0.from_port": "443",
                            "ingress.0.ipv6_cidr_blocks.#": "0",
                            "ingress.0.prefix_list_ids.#": "0",
                            "ingress.0.protocol": "tcp",
                            "ingress.0.security_groups.#": "0",
                            "ingress.0.self": "false",
                            "ingress.0.to_port": "443",
                            "ingress.1.cidr_blocks.#": "1",
                            "ingress.1.cidr_blocks.0": "0.0.0.0/0",
                            "ingress.1.description": "",
                            "ingress.1.from_port": "80",
                            "ingress.1.ipv6_cidr_blocks.#": "0",
                            "ingress.1.prefix_list_ids.#": "0",
                            "ingress.1.protocol": "tcp",
                            "ingress.1.security_groups.#": "0",
                            "ingress.1.self": "false",
                            "ingress.1.to_port": "80",
                            "name": "videocall-alb-sg",
                            "name_prefix": "",
                            "owner_id": "677402243468",
                            "tags.%": "0",
                            "tags_all.%": "0",
                            "vpc_id": "vpc-0806d612b395af484"
                        },
                        "meta": {
                            "schema_version": 1
                        },
                        "tainted": false
                    },
                    "deposed": [],
                    "provider": "provider.aws"
                },
                "aws_security_group.tfer--videocall-ecs-sg_sg-089599ea13047dc8d": {
                    "type": "aws_security_group",
                    "depends_on": [],
                    "primary": {
                        "id": "sg-089599ea13047dc8d",
                        "attributes": {
                            "arn": "arn:aws:ec2:ap-southeast-1:677402243468:security-group/sg-089599ea13047dc8d",
                            "description": "Security group for video call ECS tasks",
                            "egress.#": "1",
                            "egress.0.cidr_blocks.#": "1",
                            "egress.0.cidr_blocks.0": "0.0.0.0/0",
                            "egress.0.description": "",
                            "egress.0.from_port": "0",
                            "egress.0.ipv6_cidr_blocks.#": "0",
                            "egress.0.prefix_list_ids.#": "0",
                            "egress.0.protocol": "-1",
                            "egress.0.security_groups.#": "0",
                            "egress.0.self": "false",
                            "egress.0.to_port": "0",
                            "id": "sg-089599ea13047dc8d",
                            "ingress.#": "1",
                            "ingress.0.cidr_blocks.#": "0",
                            "ingress.0.description": "",
                            "ingress.0.from_port": "80",
                            "ingress.0.ipv6_cidr_blocks.#": "0",
                            "ingress.0.prefix_list_ids.#": "0",
                            "ingress.0.protocol": "tcp",
                            "ingress.0.security_groups.#": "1",
                            "ingress.0.security_groups.0": "sg-02758c3c207fc2dfe",
                            "ingress.0.self": "false",
                            "ingress.0.to_port": "80",
                            "name": "videocall-ecs-sg",
                            "name_prefix": "",
                            "owner_id": "677402243468",
                            "tags.%": "0",
                            "tags_all.%": "0",
                            "vpc_id": "vpc-0806d612b395af484"
                        },
                        "meta": {
                            "schema_version": 1
                        },
                        "tainted": false
                    },
                    "deposed": [],
                    "provider": "provider.aws"
                }
            },
            "depends_on": []
        }
    ]
}
