{
    "version": 3,
    "terraform_version": "0.12.31",
    "serial": 1,
    "lineage": "c00f2afe-0780-a72e-5808-469e32860400",
    "modules": [
        {
            "path": [
                "root"
            ],
            "outputs": {
                "aws_subnet_tfer--subnet-029dc17eaede50b97_id": {
                    "sensitive": false,
                    "type": "string",
                    "value": "subnet-029dc17eaede50b97"
                },
                "aws_subnet_tfer--subnet-08980b50ca8a85c28_id": {
                    "sensitive": false,
                    "type": "string",
                    "value": "subnet-08980b50ca8a85c28"
                },
                "aws_subnet_tfer--subnet-0bd81f549904c4c0e_id": {
                    "sensitive": false,
                    "type": "string",
                    "value": "subnet-0bd81f549904c4c0e"
                }
            },
            "resources": {
                "aws_subnet.tfer--subnet-029dc17eaede50b97": {
                    "type": "aws_subnet",
                    "depends_on": [],
                    "primary": {
                        "id": "subnet-029dc17eaede50b97",
                        "attributes": {
                            "arn": "arn:aws:ec2:ap-southeast-1:677402243468:subnet/subnet-029dc17eaede50b97",
                            "assign_ipv6_address_on_creation": "false",
                            "availability_zone": "ap-southeast-1a",
                            "availability_zone_id": "apse1-az2",
                            "cidr_block": "172.31.32.0/20",
                            "customer_owned_ipv4_pool": "",
                            "enable_dns64": "false",
                            "enable_lni_at_device_index": "0",
                            "enable_resource_name_dns_a_record_on_launch": "false",
                            "enable_resource_name_dns_aaaa_record_on_launch": "false",
                            "id": "subnet-029dc17eaede50b97",
                            "ipv6_cidr_block": "",
                            "ipv6_cidr_block_association_id": "",
                            "ipv6_native": "false",
                            "map_customer_owned_ip_on_launch": "false",
                            "map_public_ip_on_launch": "true",
                            "outpost_arn": "",
                            "owner_id": "677402243468",
                            "private_dns_hostname_type_on_launch": "ip-name",
                            "tags.%": "0",
                            "tags_all.%": "0",
                            "vpc_id": "vpc-0806d612b395af484"
                        },
                        "meta": {
                            "schema_version": 1
                        },
                        "tainted": false
                    },
                    "deposed": [],
                    "provider": "provider.aws"
                },
                "aws_subnet.tfer--subnet-08980b50ca8a85c28": {
                    "type": "aws_subnet",
                    "depends_on": [],
                    "primary": {
                        "id": "subnet-08980b50ca8a85c28",
                        "attributes": {
                            "arn": "arn:aws:ec2:ap-southeast-1:677402243468:subnet/subnet-08980b50ca8a85c28",
                            "assign_ipv6_address_on_creation": "false",
                            "availability_zone": "ap-southeast-1c",
                            "availability_zone_id": "apse1-az3",
                            "cidr_block": "172.31.0.0/20",
                            "customer_owned_ipv4_pool": "",
                            "enable_dns64": "false",
                            "enable_lni_at_device_index": "0",
                            "enable_resource_name_dns_a_record_on_launch": "false",
                            "enable_resource_name_dns_aaaa_record_on_launch": "false",
                            "id": "subnet-08980b50ca8a85c28",
                            "ipv6_cidr_block": "",
                            "ipv6_cidr_block_association_id": "",
                            "ipv6_native": "false",
                            "map_customer_owned_ip_on_launch": "false",
                            "map_public_ip_on_launch": "true",
                            "outpost_arn": "",
                            "owner_id": "677402243468",
                            "private_dns_hostname_type_on_launch": "ip-name",
                            "tags.%": "0",
                            "tags_all.%": "0",
                            "vpc_id": "vpc-0806d612b395af484"
                        },
                        "meta": {
                            "schema_version": 1
                        },
                        "tainted": false
                    },
                    "deposed": [],
                    "provider": "provider.aws"
                },
                "aws_subnet.tfer--subnet-0bd81f549904c4c0e": {
                    "type": "aws_subnet",
                    "depends_on": [],
                    "primary": {
                        "id": "subnet-0bd81f549904c4c0e",
                        "attributes": {
                            "arn": "arn:aws:ec2:ap-southeast-1:677402243468:subnet/subnet-0bd81f549904c4c0e",
                            "assign_ipv6_address_on_creation": "false",
                            "availability_zone": "ap-southeast-1b",
                            "availability_zone_id": "apse1-az1",
                            "cidr_block": "172.31.16.0/20",
                            "customer_owned_ipv4_pool": "",
                            "enable_dns64": "false",
                            "enable_lni_at_device_index": "0",
                            "enable_resource_name_dns_a_record_on_launch": "false",
                            "enable_resource_name_dns_aaaa_record_on_launch": "false",
                            "id": "subnet-0bd81f549904c4c0e",
                            "ipv6_cidr_block": "",
                            "ipv6_cidr_block_association_id": "",
                            "ipv6_native": "false",
                            "map_customer_owned_ip_on_launch": "false",
                            "map_public_ip_on_launch": "true",
                            "outpost_arn": "",
                            "owner_id": "677402243468",
                            "private_dns_hostname_type_on_launch": "ip-name",
                            "tags.%": "0",
                            "tags_all.%": "0",
                            "vpc_id": "vpc-0806d612b395af484"
                        },
                        "meta": {
                            "schema_version": 1
                        },
                        "tainted": false
                    },
                    "deposed": [],
                    "provider": "provider.aws"
                }
            },
            "depends_on": []
        }
    ]
}
