{
    "version": 3,
    "terraform_version": "0.12.31",
    "serial": 1,
    "lineage": "c42c5a22-551a-23a5-d496-204b1005e1e0",
    "modules": [
        {
            "path": [
                "root"
            ],
            "outputs": {
                "aws_internet_gateway_tfer--igw-05891885242b3b6c1_id": {
                    "sensitive": false,
                    "type": "string",
                    "value": "igw-05891885242b3b6c1"
                }
            },
            "resources": {
                "aws_internet_gateway.tfer--igw-05891885242b3b6c1": {
                    "type": "aws_internet_gateway",
                    "depends_on": [],
                    "primary": {
                        "id": "igw-05891885242b3b6c1",
                        "attributes": {
                            "arn": "arn:aws:ec2:ap-southeast-1:677402243468:internet-gateway/igw-05891885242b3b6c1",
                            "id": "igw-05891885242b3b6c1",
                            "owner_id": "677402243468",
                            "tags.%": "0",
                            "tags_all.%": "0",
                            "vpc_id": "vpc-0806d612b395af484"
                        },
                        "meta": {
                            "schema_version": 0
                        },
                        "tainted": false
                    },
                    "deposed": [],
                    "provider": "provider.aws"
                }
            },
            "depends_on": []
        }
    ]
}
