{
    "version": 3,
    "terraform_version": "0.12.31",
    "serial": 1,
    "lineage": "45f9e059-3f97-8bfb-a7ee-96f4def93310",
    "modules": [
        {
            "path": [
                "root"
            ],
            "outputs": {
                "aws_iam_access_key_tfer--AKIAZ3OCR6GGEQCRISP6_id": {
                    "sensitive": false,
                    "type": "string",
                    "value": "AKIAZ3OCR6GGEQCRISP6"
                },
                "aws_iam_access_key_tfer--AKIAZ3OCR6GGHJU45VZK_id": {
                    "sensitive": false,
                    "type": "string",
                    "value": "AKIAZ3OCR6GGHJU45VZK"
                },
                "aws_iam_role_policy_attachment_tfer--AWSServiceRoleForECS_AmazonECSServiceRolePolicy_id": {
                    "sensitive": false,
                    "type": "string",
                    "value": "AWSServiceRoleForECS/arn:aws:iam::aws:policy/aws-service-role/AmazonECSServiceRolePolicy"
                },
                "aws_iam_role_policy_attachment_tfer--AWSServiceRoleForElasticLoadBalancing_AWSElasticLoadBalancingServiceRolePolicy_id": {
                    "sensitive": false,
                    "type": "string",
                    "value": "AWSServiceRoleForElasticLoadBalancing/arn:aws:iam::aws:policy/aws-service-role/AWSElasticLoadBalancingServiceRolePolicy"
                },
                "aws_iam_role_policy_attachment_tfer--AWSServiceRoleForResourceExplorer_AWSResourceExplorerServiceRolePolicy_id": {
                    "sensitive": false,
                    "type": "string",
                    "value": "AWSServiceRoleForResourceExplorer/arn:aws:iam::aws:policy/aws-service-role/AWSResourceExplorerServiceRolePolicy"
                },
                "aws_iam_role_policy_attachment_tfer--AWSServiceRoleForSupport_AWSSupportServiceRolePolicy_id": {
                    "sensitive": false,
                    "type": "string",
                    "value": "AWSServiceRoleForSupport/arn:aws:iam::aws:policy/aws-service-role/AWSSupportServiceRolePolicy"
                },
                "aws_iam_role_policy_attachment_tfer--AWSServiceRoleForTrustedAdvisor_AWSTrustedAdvisorServiceRolePolicy_id": {
                    "sensitive": false,
                    "type": "string",
                    "value": "AWSServiceRoleForTrustedAdvisor/arn:aws:iam::aws:policy/aws-service-role/AWSTrustedAdvisorServiceRolePolicy"
                },
                "aws_iam_role_policy_attachment_tfer--ecsTaskExecutionRole_AmazonECSTaskExecutionRolePolicy_id": {
                    "sensitive": false,
                    "type": "string",
                    "value": "ecsTaskExecutionRole/arn:aws:iam::aws:policy/service-role/AmazonECSTaskExecutionRolePolicy"
                },
                "aws_iam_role_policy_tfer--ecsTaskExecutionRole_name2_id": {
                    "sensitive": false,
                    "type": "string",
                    "value": "ecsTaskExecutionRole:name2"
                },
                "aws_iam_role_tfer--AWSServiceRoleForECS_id": {
                    "sensitive": false,
                    "type": "string",
                    "value": "AWSServiceRoleForECS"
                },
                "aws_iam_role_tfer--AWSServiceRoleForElasticLoadBalancing_id": {
                    "sensitive": false,
                    "type": "string",
                    "value": "AWSServiceRoleForElasticLoadBalancing"
                },
                "aws_iam_role_tfer--AWSServiceRoleForResourceExplorer_id": {
                    "sensitive": false,
                    "type": "string",
                    "value": "AWSServiceRoleForResourceExplorer"
                },
                "aws_iam_role_tfer--AWSServiceRoleForSupport_id": {
                    "sensitive": false,
                    "type": "string",
                    "value": "AWSServiceRoleForSupport"
                },
                "aws_iam_role_tfer--AWSServiceRoleForTrustedAdvisor_id": {
                    "sensitive": false,
                    "type": "string",
                    "value": "AWSServiceRoleForTrustedAdvisor"
                },
                "aws_iam_role_tfer--ecsTaskExecutionRole_id": {
                    "sensitive": false,
                    "type": "string",
                    "value": "ecsTaskExecutionRole"
                },
                "aws_iam_user_policy_attachment_tfer--github-actions-videocall-deploy_AmazonEC2ContainerRegistryPowerUser_id": {
                    "sensitive": false,
                    "type": "string",
                    "value": "github-actions-videocall-deploy/arn:aws:iam::aws:policy/AmazonEC2ContainerRegistryPowerUser"
                },
                "aws_iam_user_policy_attachment_tfer--github-actions-videocall-deploy_AmazonECS_FullAccess_id": {
                    "sensitive": false,
                    "type": "string",
                    "value": "github-actions-videocall-deploy/arn:aws:iam::aws:policy/AmazonECS_FullAccess"
                },
                "aws_iam_user_policy_attachment_tfer--github-actions-videocall-deploy_AmazonSSMReadOnlyAccess_id": {
                    "sensitive": false,
                    "type": "string",
                    "value": "github-actions-videocall-deploy/arn:aws:iam::aws:policy/AmazonSSMReadOnlyAccess"
                },
                "aws_iam_user_policy_attachment_tfer--github-actions-videocall-deploy_CloudWatchLogsFullAccess_id": {
                    "sensitive": false,
                    "type": "string",
                    "value": "github-actions-videocall-deploy/arn:aws:iam::aws:policy/CloudWatchLogsFullAccess"
                },
                "aws_iam_user_policy_attachment_tfer--github-actions-videocall-deploy_IAMReadOnlyAccess_id": {
                    "sensitive": false,
                    "type": "string",
                    "value": "github-actions-videocall-deploy/arn:aws:iam::aws:policy/IAMReadOnlyAccess"
                },
                "aws_iam_user_policy_attachment_tfer--ninh-mac-air-m4_AWSAuditManagerAdministratorAccess_id": {
                    "sensitive": false,
                    "type": "string",
                    "value": "ninh-mac-air-m4/arn:aws:iam::aws:policy/AWSAuditManagerAdministratorAccess"
                },
                "aws_iam_user_policy_attachment_tfer--ninh-mac-air-m4_AWSManagementConsoleAdministratorAccess_id": {
                    "sensitive": false,
                    "type": "string",
                    "value": "ninh-mac-air-m4/arn:aws:iam::aws:policy/job-function/AWSManagementConsoleAdministratorAccess"
                },
                "aws_iam_user_policy_attachment_tfer--ninh-mac-air-m4_AdministratorAccess-AWSElasticBeanstalk_id": {
                    "sensitive": false,
                    "type": "string",
                    "value": "ninh-mac-air-m4/arn:aws:iam::aws:policy/AdministratorAccess-AWSElasticBeanstalk"
                },
                "aws_iam_user_policy_attachment_tfer--ninh-mac-air-m4_AdministratorAccess-Amplify_id": {
                    "sensitive": false,
                    "type": "string",
                    "value": "ninh-mac-air-m4/arn:aws:iam::aws:policy/AdministratorAccess-Amplify"
                },
                "aws_iam_user_policy_attachment_tfer--ninh-mac-air-m4_AdministratorAccess_id": {
                    "sensitive": false,
                    "type": "string",
                    "value": "ninh-mac-air-m4/arn:aws:iam::aws:policy/AdministratorAccess"
                },
                "aws_iam_user_policy_tfer--github-actions-videocall-deploy_name1_id": {
                    "sensitive": false,
                    "type": "string",
                    "value": "github-actions-videocall-deploy:name1"
                },
                "aws_iam_user_tfer--AIDAZ3OCR6GGDGS5VOAJO_id": {
                    "sensitive": false,
                    "type": "string",
                    "value": "github-actions-videocall-deploy"
                },
                "aws_iam_user_tfer--AIDAZ3OCR6GGMBCUZF7BU_id": {
                    "sensitive": false,
                    "type": "string",
                    "value": "ninh-mac-air-m4"
                }
            },
            "resources": {
                "aws_iam_access_key.tfer--AKIAZ3OCR6GGEQCRISP6": {
                    "type": "aws_iam_access_key",
                    "depends_on": [],
                    "primary": {
                        "id": "AKIAZ3OCR6GGEQCRISP6",
                        "attributes": {
                            "create_date": "2026-06-27T06:04:53Z",
                            "id": "AKIAZ3OCR6GGEQCRISP6",
                            "status": "Active",
                            "user": "ninh-mac-air-m4"
                        },
                        "meta": {
                            "schema_version": 0
                        },
                        "tainted": false
                    },
                    "deposed": [],
                    "provider": "provider.aws"
                },
                "aws_iam_access_key.tfer--AKIAZ3OCR6GGHJU45VZK": {
                    "type": "aws_iam_access_key",
                    "depends_on": [],
                    "primary": {
                        "id": "AKIAZ3OCR6GGHJU45VZK",
                        "attributes": {
                            "create_date": "2026-06-27T07:14:21Z",
                            "id": "AKIAZ3OCR6GGHJU45VZK",
                            "status": "Active",
                            "user": "github-actions-videocall-deploy"
                        },
                        "meta": {
                            "schema_version": 0
                        },
                        "tainted": false
                    },
                    "deposed": [],
                    "provider": "provider.aws"
                },
                "aws_iam_role.tfer--AWSServiceRoleForECS": {
                    "type": "aws_iam_role",
                    "depends_on": [],
                    "primary": {
                        "id": "AWSServiceRoleForECS",
                        "attributes": {
                            "arn": "arn:aws:iam::677402243468:role/aws-service-role/ecs.amazonaws.com/AWSServiceRoleForECS",
                            "assume_role_policy": "{\"Statement\":[{\"Action\":\"sts:AssumeRole\",\"Effect\":\"Allow\",\"Principal\":{\"Service\":\"ecs.amazonaws.com\"}}],\"Version\":\"2012-10-17\"}",
                            "create_date": "2026-06-27T06:49:10Z",
                            "description": "Policy to enable Amazon ECS to manage your EC2 instances and related resources.",
                            "id": "AWSServiceRoleForECS",
                            "managed_policy_arns.#": "1",
                            "managed_policy_arns.0": "arn:aws:iam::aws:policy/aws-service-role/AmazonECSServiceRolePolicy",
                            "max_session_duration": "3600",
                            "name": "AWSServiceRoleForECS",
                            "name_prefix": "",
                            "path": "/aws-service-role/ecs.amazonaws.com/",
                            "permissions_boundary": "",
                            "tags.%": "0",
                            "tags_all.%": "0",
                            "unique_id": "AROAZ3OCR6GGDFEPWXST3"
                        },
                        "meta": {
                            "schema_version": 0
                        },
                        "tainted": false
                    },
                    "deposed": [],
                    "provider": "provider.aws"
                },
                "aws_iam_role.tfer--AWSServiceRoleForElasticLoadBalancing": {
                    "type": "aws_iam_role",
                    "depends_on": [],
                    "primary": {
                        "id": "AWSServiceRoleForElasticLoadBalancing",
                        "attributes": {
                            "arn": "arn:aws:iam::677402243468:role/aws-service-role/elasticloadbalancing.amazonaws.com/AWSServiceRoleForElasticLoadBalancing",
                            "assume_role_policy": "{\"Statement\":[{\"Action\":\"sts:AssumeRole\",\"Effect\":\"Allow\",\"Principal\":{\"Service\":\"elasticloadbalancing.amazonaws.com\"}}],\"Version\":\"2012-10-17\"}",
                            "create_date": "2026-06-27T07:06:17Z",
                            "description": "Allows ELB to call AWS services on your behalf.",
                            "id": "AWSServiceRoleForElasticLoadBalancing",
                            "managed_policy_arns.#": "1",
                            "managed_policy_arns.0": "arn:aws:iam::aws:policy/aws-service-role/AWSElasticLoadBalancingServiceRolePolicy",
                            "max_session_duration": "3600",
                            "name": "AWSServiceRoleForElasticLoadBalancing",
                            "name_prefix": "",
                            "path": "/aws-service-role/elasticloadbalancing.amazonaws.com/",
                            "permissions_boundary": "",
                            "tags.%": "0",
                            "tags_all.%": "0",
                            "unique_id": "AROAZ3OCR6GGJUDBU5TVX"
                        },
                        "meta": {
                            "schema_version": 0
                        },
                        "tainted": false
                    },
                    "deposed": [],
                    "provider": "provider.aws"
                },
                "aws_iam_role.tfer--AWSServiceRoleForResourceExplorer": {
                    "type": "aws_iam_role",
                    "depends_on": [],
                    "primary": {
                        "id": "AWSServiceRoleForResourceExplorer",
                        "attributes": {
                            "arn": "arn:aws:iam::677402243468:role/aws-service-role/resource-explorer-2.amazonaws.com/AWSServiceRoleForResourceExplorer",
                            "assume_role_policy": "{\"Statement\":[{\"Action\":\"sts:AssumeRole\",\"Effect\":\"Allow\",\"Principal\":{\"Service\":\"resource-explorer-2.amazonaws.com\"}}],\"Version\":\"2012-10-17\"}",
                            "create_date": "2026-06-26T06:22:03Z",
                            "description": "",
                            "id": "AWSServiceRoleForResourceExplorer",
                            "managed_policy_arns.#": "1",
                            "managed_policy_arns.0": "arn:aws:iam::aws:policy/aws-service-role/AWSResourceExplorerServiceRolePolicy",
                            "max_session_duration": "3600",
                            "name": "AWSServiceRoleForResourceExplorer",
                            "name_prefix": "",
                            "path": "/aws-service-role/resource-explorer-2.amazonaws.com/",
                            "permissions_boundary": "",
                            "tags.%": "0",
                            "tags_all.%": "0",
                            "unique_id": "AROAZ3OCR6GGI4ZPS43GM"
                        },
                        "meta": {
                            "schema_version": 0
                        },
                        "tainted": false
                    },
                    "deposed": [],
                    "provider": "provider.aws"
                },
                "aws_iam_role.tfer--AWSServiceRoleForSupport": {
                    "type": "aws_iam_role",
                    "depends_on": [],
                    "primary": {
                        "id": "AWSServiceRoleForSupport",
                        "attributes": {
                            "arn": "arn:aws:iam::677402243468:role/aws-service-role/support.amazonaws.com/AWSServiceRoleForSupport",
                            "assume_role_policy": "{\"Statement\":[{\"Action\":\"sts:AssumeRole\",\"Effect\":\"Allow\",\"Principal\":{\"Service\":\"support.amazonaws.com\"}}],\"Version\":\"2012-10-17\"}",
                            "create_date": "2026-06-26T04:30:56Z",
                            "description": "Enables resource access for AWS to provide billing, administrative and support services",
                            "id": "AWSServiceRoleForSupport",
                            "managed_policy_arns.#": "1",
                            "managed_policy_arns.0": "arn:aws:iam::aws:policy/aws-service-role/AWSSupportServiceRolePolicy",
                            "max_session_duration": "3600",
                            "name": "AWSServiceRoleForSupport",
                            "name_prefix": "",
                            "path": "/aws-service-role/support.amazonaws.com/",
                            "permissions_boundary": "",
                            "tags.%": "0",
                            "tags_all.%": "0",
                            "unique_id": "AROAZ3OCR6GGPZGPCRUCB"
                        },
                        "meta": {
                            "schema_version": 0
                        },
                        "tainted": false
                    },
                    "deposed": [],
                    "provider": "provider.aws"
                },
                "aws_iam_role.tfer--AWSServiceRoleForTrustedAdvisor": {
                    "type": "aws_iam_role",
                    "depends_on": [],
                    "primary": {
                        "id": "AWSServiceRoleForTrustedAdvisor",
                        "attributes": {
                            "arn": "arn:aws:iam::677402243468:role/aws-service-role/trustedadvisor.amazonaws.com/AWSServiceRoleForTrustedAdvisor",
                            "assume_role_policy": "{\"Statement\":[{\"Action\":\"sts:AssumeRole\",\"Effect\":\"Allow\",\"Principal\":{\"Service\":\"trustedadvisor.amazonaws.com\"}}],\"Version\":\"2012-10-17\"}",
                            "create_date": "2026-06-26T04:30:56Z",
                            "description": "Access for the AWS Trusted Advisor Service to help reduce cost, increase performance, and improve security of your AWS environment.",
                            "id": "AWSServiceRoleForTrustedAdvisor",
                            "managed_policy_arns.#": "1",
                            "managed_policy_arns.0": "arn:aws:iam::aws:policy/aws-service-role/AWSTrustedAdvisorServiceRolePolicy",
                            "max_session_duration": "3600",
                            "name": "AWSServiceRoleForTrustedAdvisor",
                            "name_prefix": "",
                            "path": "/aws-service-role/trustedadvisor.amazonaws.com/",
                            "permissions_boundary": "",
                            "tags.%": "0",
                            "tags_all.%": "0",
                            "unique_id": "AROAZ3OCR6GGEN3MUFNNE"
                        },
                        "meta": {
                            "schema_version": 0
                        },
                        "tainted": false
                    },
                    "deposed": [],
                    "provider": "provider.aws"
                },
                "aws_iam_role.tfer--ecsTaskExecutionRole": {
                    "type": "aws_iam_role",
                    "depends_on": [],
                    "primary": {
                        "id": "ecsTaskExecutionRole",
                        "attributes": {
                            "arn": "arn:aws:iam::677402243468:role/ecsTaskExecutionRole",
                            "assume_role_policy": "{\"Statement\":[{\"Action\":\"sts:AssumeRole\",\"Effect\":\"Allow\",\"Principal\":{\"Service\":\"ecs-tasks.amazonaws.com\"},\"Sid\":\"\"}],\"Version\":\"2012-10-17\"}",
                            "create_date": "2026-06-27T06:44:07Z",
                            "description": "Allows ECS tasks to call AWS services on your behalf.",
                            "id": "ecsTaskExecutionRole",
                            "inline_policy.#": "1",
                            "inline_policy.0.name": "name2",
                            "inline_policy.0.policy": "{\"Version\":\"2012-10-17\",\"Statement\":[{\"Action\":[\"ssm:GetParameters\",\"ssm:GetParameter\"],\"Effect\":\"Allow\",\"Resource\":\"arn:aws:ssm:ap-southeast-1:677402243468:parameter/videocall/*\",\"Sid\":\"ReadVideoCallParameters\"}]}",
                            "managed_policy_arns.#": "1",
                            "managed_policy_arns.0": "arn:aws:iam::aws:policy/service-role/AmazonECSTaskExecutionRolePolicy",
                            "max_session_duration": "3600",
                            "name": "ecsTaskExecutionRole",
                            "name_prefix": "",
                            "path": "/",
                            "permissions_boundary": "",
                            "tags.%": "0",
                            "tags_all.%": "0",
                            "unique_id": "AROAZ3OCR6GGAG3ZCK77S"
                        },
                        "meta": {
                            "schema_version": 0
                        },
                        "tainted": false
                    },
                    "deposed": [],
                    "provider": "provider.aws"
                },
                "aws_iam_role_policy.tfer--ecsTaskExecutionRole_name2": {
                    "type": "aws_iam_role_policy",
                    "depends_on": [],
                    "primary": {
                        "id": "ecsTaskExecutionRole:name2",
                        "attributes": {
                            "id": "ecsTaskExecutionRole:name2",
                            "name": "name2",
                            "name_prefix": "",
                            "policy": "{\"Version\":\"2012-10-17\",\"Statement\":[{\"Action\":[\"ssm:GetParameters\",\"ssm:GetParameter\"],\"Effect\":\"Allow\",\"Resource\":\"arn:aws:ssm:ap-southeast-1:677402243468:parameter/videocall/*\",\"Sid\":\"ReadVideoCallParameters\"}]}",
                            "role": "ecsTaskExecutionRole"
                        },
                        "meta": {
                            "schema_version": 0
                        },
                        "tainted": false
                    },
                    "deposed": [],
                    "provider": "provider.aws"
                },
                "aws_iam_role_policy_attachment.tfer--AWSServiceRoleForECS_AmazonECSServiceRolePolicy": {
                    "type": "aws_iam_role_policy_attachment",
                    "depends_on": [],
                    "primary": {
                        "id": "AWSServiceRoleForECS/arn:aws:iam::aws:policy/aws-service-role/AmazonECSServiceRolePolicy",
                        "attributes": {
                            "id": "AWSServiceRoleForECS/arn:aws:iam::aws:policy/aws-service-role/AmazonECSServiceRolePolicy",
                            "policy_arn": "arn:aws:iam::aws:policy/aws-service-role/AmazonECSServiceRolePolicy",
                            "role": "AWSServiceRoleForECS"
                        },
                        "meta": {
                            "schema_version": 0
                        },
                        "tainted": false
                    },
                    "deposed": [],
                    "provider": "provider.aws"
                },
                "aws_iam_role_policy_attachment.tfer--AWSServiceRoleForElasticLoadBalancing_AWSElasticLoadBalancingServiceRolePolicy": {
                    "type": "aws_iam_role_policy_attachment",
                    "depends_on": [],
                    "primary": {
                        "id": "AWSServiceRoleForElasticLoadBalancing/arn:aws:iam::aws:policy/aws-service-role/AWSElasticLoadBalancingServiceRolePolicy",
                        "attributes": {
                            "id": "AWSServiceRoleForElasticLoadBalancing/arn:aws:iam::aws:policy/aws-service-role/AWSElasticLoadBalancingServiceRolePolicy",
                            "policy_arn": "arn:aws:iam::aws:policy/aws-service-role/AWSElasticLoadBalancingServiceRolePolicy",
                            "role": "AWSServiceRoleForElasticLoadBalancing"
                        },
                        "meta": {
                            "schema_version": 0
                        },
                        "tainted": false
                    },
                    "deposed": [],
                    "provider": "provider.aws"
                },
                "aws_iam_role_policy_attachment.tfer--AWSServiceRoleForResourceExplorer_AWSResourceExplorerServiceRolePolicy": {
                    "type": "aws_iam_role_policy_attachment",
                    "depends_on": [],
                    "primary": {
                        "id": "AWSServiceRoleForResourceExplorer/arn:aws:iam::aws:policy/aws-service-role/AWSResourceExplorerServiceRolePolicy",
                        "attributes": {
                            "id": "AWSServiceRoleForResourceExplorer/arn:aws:iam::aws:policy/aws-service-role/AWSResourceExplorerServiceRolePolicy",
                            "policy_arn": "arn:aws:iam::aws:policy/aws-service-role/AWSResourceExplorerServiceRolePolicy",
                            "role": "AWSServiceRoleForResourceExplorer"
                        },
                        "meta": {
                            "schema_version": 0
                        },
                        "tainted": false
                    },
                    "deposed": [],
                    "provider": "provider.aws"
                },
                "aws_iam_role_policy_attachment.tfer--AWSServiceRoleForSupport_AWSSupportServiceRolePolicy": {
                    "type": "aws_iam_role_policy_attachment",
                    "depends_on": [],
                    "primary": {
                        "id": "AWSServiceRoleForSupport/arn:aws:iam::aws:policy/aws-service-role/AWSSupportServiceRolePolicy",
                        "attributes": {
                            "id": "AWSServiceRoleForSupport/arn:aws:iam::aws:policy/aws-service-role/AWSSupportServiceRolePolicy",
                            "policy_arn": "arn:aws:iam::aws:policy/aws-service-role/AWSSupportServiceRolePolicy",
                            "role": "AWSServiceRoleForSupport"
                        },
                        "meta": {
                            "schema_version": 0
                        },
                        "tainted": false
                    },
                    "deposed": [],
                    "provider": "provider.aws"
                },
                "aws_iam_role_policy_attachment.tfer--AWSServiceRoleForTrustedAdvisor_AWSTrustedAdvisorServiceRolePolicy": {
                    "type": "aws_iam_role_policy_attachment",
                    "depends_on": [],
                    "primary": {
                        "id": "AWSServiceRoleForTrustedAdvisor/arn:aws:iam::aws:policy/aws-service-role/AWSTrustedAdvisorServiceRolePolicy",
                        "attributes": {
                            "id": "AWSServiceRoleForTrustedAdvisor/arn:aws:iam::aws:policy/aws-service-role/AWSTrustedAdvisorServiceRolePolicy",
                            "policy_arn": "arn:aws:iam::aws:policy/aws-service-role/AWSTrustedAdvisorServiceRolePolicy",
                            "role": "AWSServiceRoleForTrustedAdvisor"
                        },
                        "meta": {
                            "schema_version": 0
                        },
                        "tainted": false
                    },
                    "deposed": [],
                    "provider": "provider.aws"
                },
                "aws_iam_role_policy_attachment.tfer--ecsTaskExecutionRole_AmazonECSTaskExecutionRolePolicy": {
                    "type": "aws_iam_role_policy_attachment",
                    "depends_on": [],
                    "primary": {
                        "id": "ecsTaskExecutionRole/arn:aws:iam::aws:policy/service-role/AmazonECSTaskExecutionRolePolicy",
                        "attributes": {
                            "id": "ecsTaskExecutionRole/arn:aws:iam::aws:policy/service-role/AmazonECSTaskExecutionRolePolicy",
                            "policy_arn": "arn:aws:iam::aws:policy/service-role/AmazonECSTaskExecutionRolePolicy",
                            "role": "ecsTaskExecutionRole"
                        },
                        "meta": {
                            "schema_version": 0
                        },
                        "tainted": false
                    },
                    "deposed": [],
                    "provider": "provider.aws"
                },
                "aws_iam_user.tfer--AIDAZ3OCR6GGDGS5VOAJO": {
                    "type": "aws_iam_user",
                    "depends_on": [],
                    "primary": {
                        "id": "github-actions-videocall-deploy",
                        "attributes": {
                            "arn": "arn:aws:iam::677402243468:user/github-actions-videocall-deploy",
                            "force_destroy": "false",
                            "id": "github-actions-videocall-deploy",
                            "name": "github-actions-videocall-deploy",
                            "path": "/",
                            "permissions_boundary": "",
                            "tags.%": "0",
                            "tags_all.%": "0",
                            "unique_id": "AIDAZ3OCR6GGDGS5VOAJO"
                        },
                        "meta": {
                            "schema_version": 0
                        },
                        "tainted": false
                    },
                    "deposed": [],
                    "provider": "provider.aws"
                },
                "aws_iam_user.tfer--AIDAZ3OCR6GGMBCUZF7BU": {
                    "type": "aws_iam_user",
                    "depends_on": [],
                    "primary": {
                        "id": "ninh-mac-air-m4",
                        "attributes": {
                            "arn": "arn:aws:iam::677402243468:user/ninh-mac-air-m4",
                            "force_destroy": "false",
                            "id": "ninh-mac-air-m4",
                            "name": "ninh-mac-air-m4",
                            "path": "/",
                            "permissions_boundary": "arn:aws:iam::aws:policy/AdministratorAccess",
                            "tags.%": "1",
                            "tags.AKIAZ3OCR6GGEQCRISP6": "local development",
                            "tags_all.%": "1",
                            "tags_all.AKIAZ3OCR6GGEQCRISP6": "local development",
                            "unique_id": "AIDAZ3OCR6GGMBCUZF7BU"
                        },
                        "meta": {
                            "schema_version": 0
                        },
                        "tainted": false
                    },
                    "deposed": [],
                    "provider": "provider.aws"
                },
                "aws_iam_user_policy.tfer--github-actions-videocall-deploy_name1": {
                    "type": "aws_iam_user_policy",
                    "depends_on": [],
                    "primary": {
                        "id": "github-actions-videocall-deploy:name1",
                        "attributes": {
                            "id": "github-actions-videocall-deploy:name1",
                            "name": "name1",
                            "name_prefix": "",
                            "policy": "{\"Version\":\"2012-10-17\",\"Statement\":[{\"Action\":\"iam:PassRole\",\"Effect\":\"Allow\",\"Resource\":\"arn:aws:iam::677402243468:role/ecsTaskExecutionRole\"}]}",
                            "user": "github-actions-videocall-deploy"
                        },
                        "meta": {
                            "schema_version": 0
                        },
                        "tainted": false
                    },
                    "deposed": [],
                    "provider": "provider.aws"
                },
                "aws_iam_user_policy_attachment.tfer--github-actions-videocall-deploy_AmazonEC2ContainerRegistryPowerUser": {
                    "type": "aws_iam_user_policy_attachment",
                    "depends_on": [],
                    "primary": {
                        "id": "github-actions-videocall-deploy/arn:aws:iam::aws:policy/AmazonEC2ContainerRegistryPowerUser",
                        "attributes": {
                            "id": "github-actions-videocall-deploy/arn:aws:iam::aws:policy/AmazonEC2ContainerRegistryPowerUser",
                            "policy_arn": "arn:aws:iam::aws:policy/AmazonEC2ContainerRegistryPowerUser",
                            "user": "github-actions-videocall-deploy"
                        },
                        "meta": {
                            "schema_version": 0
                        },
                        "tainted": false
                    },
                    "deposed": [],
                    "provider": "provider.aws"
                },
                "aws_iam_user_policy_attachment.tfer--github-actions-videocall-deploy_AmazonECS_FullAccess": {
                    "type": "aws_iam_user_policy_attachment",
                    "depends_on": [],
                    "primary": {
                        "id": "github-actions-videocall-deploy/arn:aws:iam::aws:policy/AmazonECS_FullAccess",
                        "attributes": {
                            "id": "github-actions-videocall-deploy/arn:aws:iam::aws:policy/AmazonECS_FullAccess",
                            "policy_arn": "arn:aws:iam::aws:policy/AmazonECS_FullAccess",
                            "user": "github-actions-videocall-deploy"
                        },
                        "meta": {
                            "schema_version": 0
                        },
                        "tainted": false
                    },
                    "deposed": [],
                    "provider": "provider.aws"
                },
                "aws_iam_user_policy_attachment.tfer--github-actions-videocall-deploy_AmazonSSMReadOnlyAccess": {
                    "type": "aws_iam_user_policy_attachment",
                    "depends_on": [],
                    "primary": {
                        "id": "github-actions-videocall-deploy/arn:aws:iam::aws:policy/AmazonSSMReadOnlyAccess",
                        "attributes": {
                            "id": "github-actions-videocall-deploy/arn:aws:iam::aws:policy/AmazonSSMReadOnlyAccess",
                            "policy_arn": "arn:aws:iam::aws:policy/AmazonSSMReadOnlyAccess",
                            "user": "github-actions-videocall-deploy"
                        },
                        "meta": {
                            "schema_version": 0
                        },
                        "tainted": false
                    },
                    "deposed": [],
                    "provider": "provider.aws"
                },
                "aws_iam_user_policy_attachment.tfer--github-actions-videocall-deploy_CloudWatchLogsFullAccess": {
                    "type": "aws_iam_user_policy_attachment",
                    "depends_on": [],
                    "primary": {
                        "id": "github-actions-videocall-deploy/arn:aws:iam::aws:policy/CloudWatchLogsFullAccess",
                        "attributes": {
                            "id": "github-actions-videocall-deploy/arn:aws:iam::aws:policy/CloudWatchLogsFullAccess",
                            "policy_arn": "arn:aws:iam::aws:policy/CloudWatchLogsFullAccess",
                            "user": "github-actions-videocall-deploy"
                        },
                        "meta": {
                            "schema_version": 0
                        },
                        "tainted": false
                    },
                    "deposed": [],
                    "provider": "provider.aws"
                },
                "aws_iam_user_policy_attachment.tfer--github-actions-videocall-deploy_IAMReadOnlyAccess": {
                    "type": "aws_iam_user_policy_attachment",
                    "depends_on": [],
                    "primary": {
                        "id": "github-actions-videocall-deploy/arn:aws:iam::aws:policy/IAMReadOnlyAccess",
                        "attributes": {
                            "id": "github-actions-videocall-deploy/arn:aws:iam::aws:policy/IAMReadOnlyAccess",
                            "policy_arn": "arn:aws:iam::aws:policy/IAMReadOnlyAccess",
                            "user": "github-actions-videocall-deploy"
                        },
                        "meta": {
                            "schema_version": 0
                        },
                        "tainted": false
                    },
                    "deposed": [],
                    "provider": "provider.aws"
                },
                "aws_iam_user_policy_attachment.tfer--ninh-mac-air-m4_AWSAuditManagerAdministratorAccess": {
                    "type": "aws_iam_user_policy_attachment",
                    "depends_on": [],
                    "primary": {
                        "id": "ninh-mac-air-m4/arn:aws:iam::aws:policy/AWSAuditManagerAdministratorAccess",
                        "attributes": {
                            "id": "ninh-mac-air-m4/arn:aws:iam::aws:policy/AWSAuditManagerAdministratorAccess",
                            "policy_arn": "arn:aws:iam::aws:policy/AWSAuditManagerAdministratorAccess",
                            "user": "ninh-mac-air-m4"
                        },
                        "meta": {
                            "schema_version": 0
                        },
                        "tainted": false
                    },
                    "deposed": [],
                    "provider": "provider.aws"
                },
                "aws_iam_user_policy_attachment.tfer--ninh-mac-air-m4_AWSManagementConsoleAdministratorAccess": {
                    "type": "aws_iam_user_policy_attachment",
                    "depends_on": [],
                    "primary": {
                        "id": "ninh-mac-air-m4/arn:aws:iam::aws:policy/job-function/AWSManagementConsoleAdministratorAccess",
                        "attributes": {
                            "id": "ninh-mac-air-m4/arn:aws:iam::aws:policy/job-function/AWSManagementConsoleAdministratorAccess",
                            "policy_arn": "arn:aws:iam::aws:policy/job-function/AWSManagementConsoleAdministratorAccess",
                            "user": "ninh-mac-air-m4"
                        },
                        "meta": {
                            "schema_version": 0
                        },
                        "tainted": false
                    },
                    "deposed": [],
                    "provider": "provider.aws"
                },
                "aws_iam_user_policy_attachment.tfer--ninh-mac-air-m4_AdministratorAccess": {
                    "type": "aws_iam_user_policy_attachment",
                    "depends_on": [],
                    "primary": {
                        "id": "ninh-mac-air-m4/arn:aws:iam::aws:policy/AdministratorAccess",
                        "attributes": {
                            "id": "ninh-mac-air-m4/arn:aws:iam::aws:policy/AdministratorAccess",
                            "policy_arn": "arn:aws:iam::aws:policy/AdministratorAccess",
                            "user": "ninh-mac-air-m4"
                        },
                        "meta": {
                            "schema_version": 0
                        },
                        "tainted": false
                    },
                    "deposed": [],
                    "provider": "provider.aws"
                },
                "aws_iam_user_policy_attachment.tfer--ninh-mac-air-m4_AdministratorAccess-AWSElasticBeanstalk": {
                    "type": "aws_iam_user_policy_attachment",
                    "depends_on": [],
                    "primary": {
                        "id": "ninh-mac-air-m4/arn:aws:iam::aws:policy/AdministratorAccess-AWSElasticBeanstalk",
                        "attributes": {
                            "id": "ninh-mac-air-m4/arn:aws:iam::aws:policy/AdministratorAccess-AWSElasticBeanstalk",
                            "policy_arn": "arn:aws:iam::aws:policy/AdministratorAccess-AWSElasticBeanstalk",
                            "user": "ninh-mac-air-m4"
                        },
                        "meta": {
                            "schema_version": 0
                        },
                        "tainted": false
                    },
                    "deposed": [],
                    "provider": "provider.aws"
                },
                "aws_iam_user_policy_attachment.tfer--ninh-mac-air-m4_AdministratorAccess-Amplify": {
                    "type": "aws_iam_user_policy_attachment",
                    "depends_on": [],
                    "primary": {
                        "id": "ninh-mac-air-m4/arn:aws:iam::aws:policy/AdministratorAccess-Amplify",
                        "attributes": {
                            "id": "ninh-mac-air-m4/arn:aws:iam::aws:policy/AdministratorAccess-Amplify",
                            "policy_arn": "arn:aws:iam::aws:policy/AdministratorAccess-Amplify",
                            "user": "ninh-mac-air-m4"
                        },
                        "meta": {
                            "schema_version": 0
                        },
                        "tainted": false
                    },
                    "deposed": [],
                    "provider": "provider.aws"
                }
            },
            "depends_on": []
        }
    ]
}
