{
    "version": 3,
    "terraform_version": "0.12.31",
    "serial": 1,
    "lineage": "76bcbaa8-6b5b-3294-ec57-eca10252ff5e",
    "modules": [
        {
            "path": [
                "root"
            ],
            "outputs": {
                "aws_acm_certificate_tfer--128babff-071f-46e1-8a5f-f4dd30371009_ninh-video-call-demo-002E-food_id": {
                    "sensitive": false,
                    "type": "string",
                    "value": "arn:aws:acm:ap-southeast-1:677402243468:certificate/128babff-071f-46e1-8a5f-f4dd30371009"
                },
                "aws_acm_certificate_tfer--cabf80d0-6e36-4867-997d-82fd10a4f284_ninh-video-call-demo-002E-food_id": {
                    "sensitive": false,
                    "type": "string",
                    "value": "arn:aws:acm:ap-southeast-1:677402243468:certificate/cabf80d0-6e36-4867-997d-82fd10a4f284"
                }
            },
            "resources": {
                "aws_acm_certificate.tfer--128babff-071f-46e1-8a5f-f4dd30371009_ninh-video-call-demo-002E-food": {
                    "type": "aws_acm_certificate",
                    "depends_on": [],
                    "primary": {
                        "id": "arn:aws:acm:ap-southeast-1:677402243468:certificate/128babff-071f-46e1-8a5f-f4dd30371009",
                        "attributes": {
                            "arn": "arn:aws:acm:ap-southeast-1:677402243468:certificate/128babff-071f-46e1-8a5f-f4dd30371009",
                            "certificate_authority_arn": "",
                            "domain_name": "ninh-video-call-demo.food",
                            "domain_validation_options.#": "2",
                            "domain_validation_options.0.domain_name": "*.ninh-video-call-demo.food",
                            "domain_validation_options.0.resource_record_name": "_5461c3d3bd1e6d5773debd439a537728.ninh-video-call-demo.food.",
                            "domain_validation_options.0.resource_record_type": "CNAME",
                            "domain_validation_options.0.resource_record_value": "_714fb4819db488fecf2cd2d3b5fd0dcb.jkddzztszm.acm-validations.aws.",
                            "domain_validation_options.1.domain_name": "ninh-video-call-demo.food",
                            "domain_validation_options.1.resource_record_name": "_5461c3d3bd1e6d5773debd439a537728.ninh-video-call-demo.food.",
                            "domain_validation_options.1.resource_record_type": "CNAME",
                            "domain_validation_options.1.resource_record_value": "_714fb4819db488fecf2cd2d3b5fd0dcb.jkddzztszm.acm-validations.aws.",
                            "early_renewal_duration": "",
                            "id": "arn:aws:acm:ap-southeast-1:677402243468:certificate/128babff-071f-46e1-8a5f-f4dd30371009",
                            "key_algorithm": "RSA_2048",
                            "not_after": "2027-01-10T23:59:59Z",
                            "not_before": "2026-06-27T00:00:00Z",
                            "options.#": "1",
                            "options.0.certificate_transparency_logging_preference": "ENABLED",
                            "pending_renewal": "false",
                            "renewal_eligibility": "ELIGIBLE",
                            "renewal_summary.#": "0",
                            "status": "ISSUED",
                            "subject_alternative_names.#": "2",
                            "subject_alternative_names.0": "*.ninh-video-call-demo.food",
                            "subject_alternative_names.1": "ninh-video-call-demo.food",
                            "tags.%": "0",
                            "tags_all.%": "0",
                            "type": "AMAZON_ISSUED",
                            "validation_emails.#": "0",
                            "validation_method": "DNS"
                        },
                        "meta": {
                            "schema_version": 0
                        },
                        "tainted": false
                    },
                    "deposed": [],
                    "provider": "provider.aws"
                },
                "aws_acm_certificate.tfer--cabf80d0-6e36-4867-997d-82fd10a4f284_ninh-video-call-demo-002E-food": {
                    "type": "aws_acm_certificate",
                    "depends_on": [],
                    "primary": {
                        "id": "arn:aws:acm:ap-southeast-1:677402243468:certificate/cabf80d0-6e36-4867-997d-82fd10a4f284",
                        "attributes": {
                            "arn": "arn:aws:acm:ap-southeast-1:677402243468:certificate/cabf80d0-6e36-4867-997d-82fd10a4f284",
                            "certificate_authority_arn": "",
                            "domain_name": "ninh-video-call-demo.food",
                            "domain_validation_options.#": "2",
                            "domain_validation_options.0.domain_name": "*.ninh-video-call-demo.food",
                            "domain_validation_options.0.resource_record_name": "_5461c3d3bd1e6d5773debd439a537728.ninh-video-call-demo.food.",
                            "domain_validation_options.0.resource_record_type": "CNAME",
                            "domain_validation_options.0.resource_record_value": "_714fb4819db488fecf2cd2d3b5fd0dcb.jkddzztszm.acm-validations.aws.",
                            "domain_validation_options.1.domain_name": "ninh-video-call-demo.food",
                            "domain_validation_options.1.resource_record_name": "_5461c3d3bd1e6d5773debd439a537728.ninh-video-call-demo.food.",
                            "domain_validation_options.1.resource_record_type": "CNAME",
                            "domain_validation_options.1.resource_record_value": "_714fb4819db488fecf2cd2d3b5fd0dcb.jkddzztszm.acm-validations.aws.",
                            "early_renewal_duration": "",
                            "id": "arn:aws:acm:ap-southeast-1:677402243468:certificate/cabf80d0-6e36-4867-997d-82fd10a4f284",
                            "key_algorithm": "RSA_2048",
                            "not_after": "2027-01-10T23:59:59Z",
                            "not_before": "2026-06-27T00:00:00Z",
                            "options.#": "1",
                            "options.0.certificate_transparency_logging_preference": "ENABLED",
                            "pending_renewal": "false",
                            "renewal_eligibility": "INELIGIBLE",
                            "renewal_summary.#": "0",
                            "status": "ISSUED",
                            "subject_alternative_names.#": "2",
                            "subject_alternative_names.0": "*.ninh-video-call-demo.food",
                            "subject_alternative_names.1": "ninh-video-call-demo.food",
                            "tags.%": "0",
                            "tags_all.%": "0",
                            "type": "AMAZON_ISSUED",
                            "validation_emails.#": "0",
                            "validation_method": "DNS"
                        },
                        "meta": {
                            "schema_version": 0
                        },
                        "tainted": false
                    },
                    "deposed": [],
                    "provider": "provider.aws"
                }
            },
            "depends_on": []
        }
    ]
}
