{
    "version": 3,
    "terraform_version": "0.12.31",
    "serial": 1,
    "lineage": "254a7b0e-38b8-e483-f4ad-784b6d10a127",
    "modules": [
        {
            "path": [
                "root"
            ],
            "outputs": {
                "aws_ecs_cluster_tfer--videocall-cluster_id": {
                    "sensitive": false,
                    "type": "string",
                    "value": "arn:aws:ecs:ap-southeast-1:677402243468:cluster/videocall-cluster"
                },
                "aws_ecs_service_tfer--videocall-cluster_videocall-service_id": {
                    "sensitive": false,
                    "type": "string",
                    "value": "arn:aws:ecs:ap-southeast-1:677402243468:service/videocall-cluster/videocall-service"
                },
                "aws_ecs_task_definition_tfer--task-definition-002F-videocall-task_id": {
                    "sensitive": false,
                    "type": "string",
                    "value": "videocall-task"
                }
            },
            "resources": {
                "aws_ecs_cluster.tfer--videocall-cluster": {
                    "type": "aws_ecs_cluster",
                    "depends_on": [],
                    "primary": {
                        "id": "arn:aws:ecs:ap-southeast-1:677402243468:cluster/videocall-cluster",
                        "attributes": {
                            "arn": "arn:aws:ecs:ap-southeast-1:677402243468:cluster/videocall-cluster",
                            "id": "arn:aws:ecs:ap-southeast-1:677402243468:cluster/videocall-cluster",
                            "name": "videocall-cluster",
                            "service_connect_defaults.#": "0",
                            "setting.#": "1",
                            "setting.0.name": "containerInsights",
                            "setting.0.value": "disabled",
                            "tags.%": "0",
                            "tags_all.%": "0"
                        },
                        "meta": {
                            "schema_version": 0
                        },
                        "tainted": false
                    },
                    "deposed": [],
                    "provider": "provider.aws"
                },
                "aws_ecs_service.tfer--videocall-cluster_videocall-service": {
                    "type": "aws_ecs_service",
                    "depends_on": [],
                    "primary": {
                        "id": "arn:aws:ecs:ap-southeast-1:677402243468:service/videocall-cluster/videocall-service",
                        "attributes": {
                            "alarms.#": "0",
                            "availability_zone_rebalancing": "ENABLED",
                            "capacity_provider_strategy.#": "0",
                            "cluster": "videocall-cluster",
                            "deployment_circuit_breaker.#": "1",
                            "deployment_circuit_breaker.0.enable": "true",
                            "deployment_circuit_breaker.0.rollback": "true",
                            "deployment_controller.#": "1",
                            "deployment_controller.0.type": "ECS",
                            "deployment_maximum_percent": "200",
                            "deployment_minimum_healthy_percent": "100",
                            "desired_count": "1",
                            "enable_ecs_managed_tags": "true",
                            "enable_execute_command": "false",
                            "health_check_grace_period_seconds": "0",
                            "iam_role": "/aws-service-role/ecs.amazonaws.com/AWSServiceRoleForECS",
                            "id": "arn:aws:ecs:ap-southeast-1:677402243468:service/videocall-cluster/videocall-service",
                            "launch_type": "FARGATE",
                            "load_balancer.#": "1",
                            "load_balancer.0.container_name": "frontend",
                            "load_balancer.0.container_port": "80",
                            "load_balancer.0.elb_name": "",
                            "load_balancer.0.target_group_arn": "arn:aws:elasticloadbalancing:ap-southeast-1:677402243468:targetgroup/videocall-frontend-tg/9422cf35f79d98ce",
                            "name": "videocall-service",
                            "network_configuration.#": "1",
                            "network_configuration.0.assign_public_ip": "true",
                            "network_configuration.0.security_groups.#": "2",
                            "network_configuration.0.security_groups.0": "sg-089599ea13047dc8d",
                            "network_configuration.0.security_groups.1": "sg-0ab0d2965a9da066e",
                            "network_configuration.0.subnets.#": "3",
                            "network_configuration.0.subnets.0": "subnet-029dc17eaede50b97",
                            "network_configuration.0.subnets.1": "subnet-08980b50ca8a85c28",
                            "network_configuration.0.subnets.2": "subnet-0bd81f549904c4c0e",
                            "ordered_placement_strategy.#": "0",
                            "placement_constraints.#": "0",
                            "platform_version": "1.4.0",
                            "propagate_tags": "NONE",
                            "scheduling_strategy": "REPLICA",
                            "service_registries.#": "0",
                            "tags.%": "0",
                            "tags_all.%": "0",
                            "task_definition": "arn:aws:ecs:ap-southeast-1:677402243468:task-definition/videocall-task:8",
                            "triggers.%": "0",
                            "vpc_lattice_configurations.#": "0"
                        },
                        "meta": {
                            "schema_version": 1
                        },
                        "tainted": false
                    },
                    "deposed": [],
                    "provider": "provider.aws"
                },
                "aws_ecs_task_definition.tfer--task-definition-002F-videocall-task": {
                    "type": "aws_ecs_task_definition",
                    "depends_on": [],
                    "primary": {
                        "id": "videocall-task",
                        "attributes": {
                            "arn": "arn:aws:ecs:ap-southeast-1:677402243468:task-definition/videocall-task:8",
                            "arn_without_revision": "arn:aws:ecs:ap-southeast-1:677402243468:task-definition/videocall-task",
                            "container_definitions": "[{\"environment\":[{\"name\":\"DB_PATH\",\"value\":\"/app/videocall.db\"},{\"name\":\"PORT\",\"value\":\"8080\"}],\"essential\":true,\"image\":\"677402243468.dkr.ecr.ap-southeast-1.amazonaws.com/videocall-backend:ea21792ebbd6543d98fc98f1edb7b5222eec9402\",\"logConfiguration\":{\"logDriver\":\"awslogs\",\"options\":{\"awslogs-group\":\"/ecs/videocall\",\"awslogs-region\":\"ap-southeast-1\",\"awslogs-stream-prefix\":\"backend\"}},\"mountPoints\":[],\"name\":\"backend\",\"portMappings\":[{\"containerPort\":8080,\"hostPort\":8080,\"protocol\":\"tcp\"}],\"secrets\":[{\"name\":\"JWT_SECRET\",\"valueFrom\":\"arn:aws:ssm:ap-southeast-1:677402243468:parameter/videocall/JWT_SECRET\"}],\"systemControls\":[],\"volumesFrom\":[]},{\"dependsOn\":[{\"condition\":\"START\",\"containerName\":\"backend\"}],\"environment\":[{\"name\":\"API_URL\",\"value\":\"\"},{\"name\":\"BACKEND_URL\",\"value\":\"http://localhost:8080\"},{\"name\":\"STUN_URLS\",\"value\":\"stun:stun.l.google.com:19302,stun:stun1.l.google.com:19302,stun:stun2.l.google.com:19302\"},{\"name\":\"WS_URL\",\"value\":\"\"}],\"essential\":true,\"image\":\"677402243468.dkr.ecr.ap-southeast-1.amazonaws.com/videocall-frontend:ea21792ebbd6543d98fc98f1edb7b5222eec9402\",\"logConfiguration\":{\"logDriver\":\"awslogs\",\"options\":{\"awslogs-group\":\"/ecs/videocall\",\"awslogs-region\":\"ap-southeast-1\",\"awslogs-stream-prefix\":\"frontend\"}},\"mountPoints\":[],\"name\":\"frontend\",\"portMappings\":[{\"containerPort\":80,\"hostPort\":80,\"protocol\":\"tcp\"}],\"secrets\":[{\"name\":\"TURN_CREDENTIAL\",\"valueFrom\":\"arn:aws:ssm:ap-southeast-1:677402243468:parameter/videocall/TURN_CREDENTIAL\"},{\"name\":\"TURN_URLS\",\"valueFrom\":\"arn:aws:ssm:ap-southeast-1:677402243468:parameter/videocall/TURN_URLS\"},{\"name\":\"TURN_USERNAME\",\"valueFrom\":\"arn:aws:ssm:ap-southeast-1:677402243468:parameter/videocall/TURN_USERNAME\"}],\"systemControls\":[],\"volumesFrom\":[]}]",
                            "cpu": "512",
                            "enable_fault_injection": "false",
                            "ephemeral_storage.#": "0",
                            "execution_role_arn": "arn:aws:iam::677402243468:role/ecsTaskExecutionRole",
                            "family": "videocall-task",
                            "id": "videocall-task",
                            "inference_accelerator.#": "0",
                            "ipc_mode": "",
                            "memory": "1024",
                            "network_mode": "awsvpc",
                            "pid_mode": "",
                            "placement_constraints.#": "0",
                            "proxy_configuration.#": "0",
                            "requires_compatibilities.#": "1",
                            "requires_compatibilities.0": "FARGATE",
                            "revision": "8",
                            "runtime_platform.#": "0",
                            "tags.%": "0",
                            "tags_all.%": "0",
                            "task_role_arn": "",
                            "track_latest": "false",
                            "volume.#": "0"
                        },
                        "meta": {
                            "schema_version": 1
                        },
                        "tainted": false
                    },
                    "deposed": [],
                    "provider": "provider.aws"
                }
            },
            "depends_on": []
        }
    ]
}
